// !$*UTF8*$!
{
	archiveVersion = 1;
	classes = {
	};
	objectVersion = 50;
	objects = {

/* Begin PBXBuildFile section */
		5E6803EA2264869F0032924C /* AppDelegate.swift in Sources */ = {isa = PBXBuildFile; fileRef = 5E6803E92264869F0032924C /* AppDelegate.swift */; };
		5E6803EC2264869F0032924C /* ViewController.swift in Sources */ = {isa = PBXBuildFile; fileRef = 5E6803EB2264869F0032924C /* ViewController.swift */; };
		5E6803EF2264869F0032924C /* Main.storyboard in Resources */ = {isa = PBXBuildFile; fileRef = 5E6803ED2264869F0032924C /* Main.storyboard */; };
		5E6803F1226486A10032924C /* Assets.xcassets in Resources */ = {isa = PBXBuildFile; fileRef = 5E6803F0226486A10032924C /* Assets.xcassets */; };
		5E6803F4226486A10032924C /* LaunchScreen.storyboard in Resources */ = {isa = PBXBuildFile; fileRef = 5E6803F2226486A10032924C /* LaunchScreen.storyboard */; };
		5E680402226487FE0032924C /* invisible.mp3 in Resources */ = {isa = PBXBuildFile; fileRef = 5E6803FD226487FE0032924C /* invisible.mp3 */; };
		5E680403226487FE0032924C /* soundon@3x.png in Resources */ = {isa = PBXBuildFile; fileRef = 5E6803FE226487FE0032924C /* soundon@3x.png */; };
		5E680404226487FE0032924C /* soundon@2x.png in Resources */ = {isa = PBXBuildFile; fileRef = 5E6803FF226487FE0032924C /* soundon@2x.png */; };
		5E680405226487FE0032924C /* soundoff@2x.png in Resources */ = {isa = PBXBuildFile; fileRef = 5E680400226487FE0032924C /* soundoff@2x.png */; };
		5E680406226487FE0032924C /* soundoff@3x.png in Resources */ = {isa = PBXBuildFile; fileRef = 5E680401226487FE0032924C /* soundoff@3x.png */; };
		5E680408226488680032924C /* Ad1ViewController.swift in Sources */ = {isa = PBXBuildFile; fileRef = 5E680407226488680032924C /* Ad1ViewController.swift */; };
		5E68040A226488730032924C /* Ad2ViewController.swift in Sources */ = {isa = PBXBuildFile; fileRef = 5E680409226488730032924C /* Ad2ViewController.swift */; };
		6542D6072615BA1C00806E2A /* AVFoundation.framework in Frameworks */ = {isa = PBXBuildFile; fileRef = 6542D6062615BA1C00806E2A /* AVFoundation.framework */; settings = {ATTRIBUTES = (Weak, ); }; };
/* End PBXBuildFile section */

/* Begin PBXCopyFilesBuildPhase section */
		5E680495226568310032924C /* Embed Frameworks */ = {
			isa = PBXCopyFilesBuildPhase;
			buildActionMask = 2147483647;
			dstPath = "";
			dstSubfolderSpec = 10;
			files = (
			);
			name = "Embed Frameworks";
			runOnlyForDeploymentPostprocessing = 0;
		};
/* End PBXCopyFilesBuildPhase section */

/* Begin PBXFileReference section */
		5E6803E62264869F0032924C /* VAMPSwiftSample.app */ = {isa = PBXFileReference; explicitFileType = wrapper.application; includeInIndex = 0; path = VAMPSwiftSample.app; sourceTree = BUILT_PRODUCTS_DIR; };
		5E6803E92264869F0032924C /* AppDelegate.swift */ = {isa = PBXFileReference; lastKnownFileType = sourcecode.swift; path = AppDelegate.swift; sourceTree = "<group>"; };
		5E6803EB2264869F0032924C /* ViewController.swift */ = {isa = PBXFileReference; lastKnownFileType = sourcecode.swift; path = ViewController.swift; sourceTree = "<group>"; };
		5E6803EE2264869F0032924C /* Base */ = {isa = PBXFileReference; lastKnownFileType = file.storyboard; name = Base; path = Base.lproj/Main.storyboard; sourceTree = "<group>"; };
		5E6803F0226486A10032924C /* Assets.xcassets */ = {isa = PBXFileReference; lastKnownFileType = folder.assetcatalog; path = Assets.xcassets; sourceTree = "<group>"; };
		5E6803F3226486A10032924C /* Base */ = {isa = PBXFileReference; lastKnownFileType = file.storyboard; name = Base; path = Base.lproj/LaunchScreen.storyboard; sourceTree = "<group>"; };
		5E6803F5226486A10032924C /* Info.plist */ = {isa = PBXFileReference; lastKnownFileType = text.plist.xml; path = Info.plist; sourceTree = "<group>"; };
		5E6803FD226487FE0032924C /* invisible.mp3 */ = {isa = PBXFileReference; lastKnownFileType = audio.mp3; path = invisible.mp3; sourceTree = "<group>"; };
		5E6803FE226487FE0032924C /* soundon@3x.png */ = {isa = PBXFileReference; lastKnownFileType = image.png; path = "soundon@3x.png"; sourceTree = "<group>"; };
		5E6803FF226487FE0032924C /* soundon@2x.png */ = {isa = PBXFileReference; lastKnownFileType = image.png; path = "soundon@2x.png"; sourceTree = "<group>"; };
		5E680400226487FE0032924C /* soundoff@2x.png */ = {isa = PBXFileReference; lastKnownFileType = image.png; path = "soundoff@2x.png"; sourceTree = "<group>"; };
		5E680401226487FE0032924C /* soundoff@3x.png */ = {isa = PBXFileReference; lastKnownFileType = image.png; path = "soundoff@3x.png"; sourceTree = "<group>"; };
		5E680407226488680032924C /* Ad1ViewController.swift */ = {isa = PBXFileReference; lastKnownFileType = sourcecode.swift; path = Ad1ViewController.swift; sourceTree = "<group>"; };
		5E680409226488730032924C /* Ad2ViewController.swift */ = {isa = PBXFileReference; lastKnownFileType = sourcecode.swift; path = Ad2ViewController.swift; sourceTree = "<group>"; };
		6542D6062615BA1C00806E2A /* AVFoundation.framework */ = {isa = PBXFileReference; lastKnownFileType = wrapper.framework; name = AVFoundation.framework; path = System/Library/Frameworks/AVFoundation.framework; sourceTree = SDKROOT; };
/* End PBXFileReference section */

/* Begin PBXFrameworksBuildPhase section */
		5E6803E32264869F0032924C /* Frameworks */ = {
			isa = PBXFrameworksBuildPhase;
			buildActionMask = 2147483647;
			files = (
				6542D6072615BA1C00806E2A /* AVFoundation.framework in Frameworks */,
			);
			runOnlyForDeploymentPostprocessing = 0;
		};
/* End PBXFrameworksBuildPhase section */

/* Begin PBXGroup section */
		5E6803DD2264869F0032924C = {
			isa = PBXGroup;
			children = (
				5E6803E82264869F0032924C /* VAMPSwiftSample */,
				5E6803E72264869F0032924C /* Products */,
				6542D6052615BA1B00806E2A /* Frameworks */,
			);
			sourceTree = "<group>";
		};
		5E6803E72264869F0032924C /* Products */ = {
			isa = PBXGroup;
			children = (
				5E6803E62264869F0032924C /* VAMPSwiftSample.app */,
			);
			name = Products;
			sourceTree = "<group>";
		};
		5E6803E82264869F0032924C /* VAMPSwiftSample */ = {
			isa = PBXGroup;
			children = (
				5E680407226488680032924C /* Ad1ViewController.swift */,
				5E680409226488730032924C /* Ad2ViewController.swift */,
				5E6803E92264869F0032924C /* AppDelegate.swift */,
				5E6803F0226486A10032924C /* Assets.xcassets */,
				5E6803F5226486A10032924C /* Info.plist */,
				5E6803F2226486A10032924C /* LaunchScreen.storyboard */,
				5E6803ED2264869F0032924C /* Main.storyboard */,
				5E6803FB226487CB0032924C /* Resources */,
				5E6803FC226487D30032924C /* SDK */,
				5E6803EB2264869F0032924C /* ViewController.swift */,
			);
			path = VAMPSwiftSample;
			sourceTree = "<group>";
		};
		5E6803FB226487CB0032924C /* Resources */ = {
			isa = PBXGroup;
			children = (
				5E6803FD226487FE0032924C /* invisible.mp3 */,
				5E680400226487FE0032924C /* soundoff@2x.png */,
				5E680401226487FE0032924C /* soundoff@3x.png */,
				5E6803FF226487FE0032924C /* soundon@2x.png */,
				5E6803FE226487FE0032924C /* soundon@3x.png */,
			);
			path = Resources;
			sourceTree = "<group>";
		};
		5E6803FC226487D30032924C /* SDK */ = {
			isa = PBXGroup;
			children = (
			);
			path = SDK;
			sourceTree = "<group>";
		};
		6542D6052615BA1B00806E2A /* Frameworks */ = {
			isa = PBXGroup;
			children = (
				6542D6062615BA1C00806E2A /* AVFoundation.framework */,
			);
			name = Frameworks;
			sourceTree = "<group>";
		};
/* End PBXGroup section */

/* Begin PBXNativeTarget section */
		5E6803E52264869F0032924C /* VAMPSwiftSample */ = {
			isa = PBXNativeTarget;
			buildConfigurationList = 5E6803F8226486A10032924C /* Build configuration list for PBXNativeTarget "VAMPSwiftSample" */;
			buildPhases = (
				5E6803E22264869F0032924C /* Sources */,
				5E6803E32264869F0032924C /* Frameworks */,
				5E6803E42264869F0032924C /* Resources */,
				5E680495226568310032924C /* Embed Frameworks */,
			);
			buildRules = (
			);
			dependencies = (
			);
			name = VAMPSwiftSample;
			productName = VAMPSwiftSample;
			productReference = 5E6803E62264869F0032924C /* VAMPSwiftSample.app */;
			productType = "com.apple.product-type.application";
		};
/* End PBXNativeTarget section */

/* Begin PBXProject section */
		5E6803DE2264869F0032924C /* Project object */ = {
			isa = PBXProject;
			attributes = {
				LastSwiftUpdateCheck = 1010;
				LastUpgradeCheck = 1010;
				ORGANIZATIONNAME = "Supership Inc";
				TargetAttributes = {
					5E6803E52264869F0032924C = {
						CreatedOnToolsVersion = 10.1;
					};
				};
			};
			buildConfigurationList = 5E6803E12264869F0032924C /* Build configuration list for PBXProject "VAMPSwiftSample" */;
			compatibilityVersion = "Xcode 9.3";
			developmentRegion = en;
			hasScannedForEncodings = 0;
			knownRegions = (
				en,
				Base,
			);
			mainGroup = 5E6803DD2264869F0032924C;
			productRefGroup = 5E6803E72264869F0032924C /* Products */;
			projectDirPath = "";
			projectRoot = "";
			targets = (
				5E6803E52264869F0032924C /* VAMPSwiftSample */,
			);
		};
/* End PBXProject section */

/* Begin PBXResourcesBuildPhase section */
		5E6803E42264869F0032924C /* Resources */ = {
			isa = PBXResourcesBuildPhase;
			buildActionMask = 2147483647;
			files = (
				5E680402226487FE0032924C /* invisible.mp3 in Resources */,
				5E680406226487FE0032924C /* soundoff@3x.png in Resources */,
				5E680405226487FE0032924C /* soundoff@2x.png in Resources */,
				5E680403226487FE0032924C /* soundon@3x.png in Resources */,
				5E6803F4226486A10032924C /* LaunchScreen.storyboard in Resources */,
				5E680404226487FE0032924C /* soundon@2x.png in Resources */,
				5E6803F1226486A10032924C /* Assets.xcassets in Resources */,
				5E6803EF2264869F0032924C /* Main.storyboard in Resources */,
			);
			runOnlyForDeploymentPostprocessing = 0;
		};
/* End PBXResourcesBuildPhase section */

/* Begin PBXSourcesBuildPhase section */
		5E6803E22264869F0032924C /* Sources */ = {
			isa = PBXSourcesBuildPhase;
			buildActionMask = 2147483647;
			files = (
				5E68040A226488730032924C /* Ad2ViewController.swift in Sources */,
				5E6803EC2264869F0032924C /* ViewController.swift in Sources */,
				5E6803EA2264869F0032924C /* AppDelegate.swift in Sources */,
				5E680408226488680032924C /* Ad1ViewController.swift in Sources */,
			);
			runOnlyForDeploymentPostprocessing = 0;
		};
/* End PBXSourcesBuildPhase section */

/* Begin PBXVariantGroup section */
		5E6803ED2264869F0032924C /* Main.storyboard */ = {
			isa = PBXVariantGroup;
			children = (
				5E6803EE2264869F0032924C /* Base */,
			);
			name = Main.storyboard;
			sourceTree = "<group>";
		};
		5E6803F2226486A10032924C /* LaunchScreen.storyboard */ = {
			isa = PBXVariantGroup;
			children = (
				5E6803F3226486A10032924C /* Base */,
			);
			name = LaunchScreen.storyboard;
			sourceTree = "<group>";
		};
/* End PBXVariantGroup section */

/* Begin XCBuildConfiguration section */
		5E6803F6226486A10032924C /* Debug */ = {
			isa = XCBuildConfiguration;
			buildSettings = {
				ALWAYS_SEARCH_USER_PATHS = NO;
				CLANG_ANALYZER_NONNULL = YES;
				CLANG_ANALYZER_NUMBER_OBJECT_CONVERSION = YES_AGGRESSIVE;
				CLANG_CXX_LANGUAGE_STANDARD = "gnu++14";
				CLANG_CXX_LIBRARY = "libc++";
				CLANG_ENABLE_MODULES = YES;
				CLANG_ENABLE_OBJC_ARC = YES;
				CLANG_ENABLE_OBJC_WEAK = YES;
				CLANG_WARN_BLOCK_CAPTURE_AUTORELEASING = YES;
				CLANG_WARN_BOOL_CONVERSION = YES;
				CLANG_WARN_COMMA = YES;
				CLANG_WARN_CONSTANT_CONVERSION = YES;
				CLANG_WARN_DEPRECATED_OBJC_IMPLEMENTATIONS = YES;
				CLANG_WARN_DIRECT_OBJC_ISA_USAGE = YES_ERROR;
				CLANG_WARN_DOCUMENTATION_COMMENTS = YES;
				CLANG_WARN_EMPTY_BODY = YES;
				CLANG_WARN_ENUM_CONVERSION = YES;
				CLANG_WARN_INFINITE_RECURSION = YES;
				CLANG_WARN_INT_CONVERSION = YES;
				CLANG_WARN_NON_LITERAL_NULL_CONVERSION = YES;
				CLANG_WARN_OBJC_IMPLICIT_RETAIN_SELF = YES;
				CLANG_WARN_OBJC_LITERAL_CONVERSION = YES;
				CLANG_WARN_OBJC_ROOT_CLASS = YES_ERROR;
				CLANG_WARN_RANGE_LOOP_ANALYSIS = YES;
				CLANG_WARN_STRICT_PROTOTYPES = YES;
				CLANG_WARN_SUSPICIOUS_MOVE = YES;
				CLANG_WARN_UNGUARDED_AVAILABILITY = YES_AGGRESSIVE;
				CLANG_WARN_UNREACHABLE_CODE = YES;
				CLANG_WARN__DUPLICATE_METHOD_MATCH = YES;
				CODE_SIGN_IDENTITY = "iPhone Developer";
				COPY_PHASE_STRIP = NO;
				DEBUG_INFORMATION_FORMAT = dwarf;
				ENABLE_STRICT_OBJC_MSGSEND = YES;
				ENABLE_TESTABILITY = YES;
				GCC_C_LANGUAGE_STANDARD = gnu11;
				GCC_DYNAMIC_NO_PIC = NO;
				GCC_NO_COMMON_BLOCKS = YES;
				GCC_OPTIMIZATION_LEVEL = 0;
				GCC_PREPROCESSOR_DEFINITIONS = (
					"DEBUG=1",
					"$(inherited)",
				);
				GCC_WARN_64_TO_32_BIT_CONVERSION = YES;
				GCC_WARN_ABOUT_RETURN_TYPE = YES_ERROR;
				GCC_WARN_UNDECLARED_SELECTOR = YES;
				GCC_WARN_UNINITIALIZED_AUTOS = YES_AGGRESSIVE;
				GCC_WARN_UNUSED_FUNCTION = YES;
				GCC_WARN_UNUSED_VARIABLE = YES;
				IPHONEOS_DEPLOYMENT_TARGET = 9.3;
				MTL_ENABLE_DEBUG_INFO = INCLUDE_SOURCE;
				MTL_FAST_MATH = YES;
				ONLY_ACTIVE_ARCH = YES;
				SDKROOT = iphoneos;
				SWIFT_ACTIVE_COMPILATION_CONDITIONS = DEBUG;
				SWIFT_OPTIMIZATION_LEVEL = "-Onone";
			};
			name = Debug;
		};
		5E6803F7226486A10032924C /* Release */ = {
			isa = XCBuildConfiguration;
			buildSettings = {
				ALWAYS_SEARCH_USER_PATHS = NO;
				CLANG_ANALYZER_NONNULL = YES;
				CLANG_ANALYZER_NUMBER_OBJECT_CONVERSION = YES_AGGRESSIVE;
				CLANG_CXX_LANGUAGE_STANDARD = "gnu++14";
				CLANG_CXX_LIBRARY = "libc++";
				CLANG_ENABLE_MODULES = YES;
				CLANG_ENABLE_OBJC_ARC = YES;
				CLANG_ENABLE_OBJC_WEAK = YES;
				CLANG_WARN_BLOCK_CAPTURE_AUTORELEASING = YES;
				CLANG_WARN_BOOL_CONVERSION = YES;
				CLANG_WARN_COMMA = YES;
				CLANG_WARN_CONSTANT_CONVERSION = YES;
				CLANG_WARN_DEPRECATED_OBJC_IMPLEMENTATIONS = YES;
				CLANG_WARN_DIRECT_OBJC_ISA_USAGE = YES_ERROR;
				CLANG_WARN_DOCUMENTATION_COMMENTS = YES;
				CLANG_WARN_EMPTY_BODY = YES;
				CLANG_WARN_ENUM_CONVERSION = YES;
				CLANG_WARN_INFINITE_RECURSION = YES;
				CLANG_WARN_INT_CONVERSION = YES;
				CLANG_WARN_NON_LITERAL_NULL_CONVERSION = YES;
				CLANG_WARN_OBJC_IMPLICIT_RETAIN_SELF = YES;
				CLANG_WARN_OBJC_LITERAL_CONVERSION = YES;
				CLANG_WARN_OBJC_ROOT_CLASS = YES_ERROR;
				CLANG_WARN_RANGE_LOOP_ANALYSIS = YES;
				CLANG_WARN_STRICT_PROTOTYPES = YES;
				CLANG_WARN_SUSPICIOUS_MOVE = YES;
				CLANG_WARN_UNGUARDED_AVAILABILITY = YES_AGGRESSIVE;
				CLANG_WARN_UNREACHABLE_CODE = YES;
				CLANG_WARN__DUPLICATE_METHOD_MATCH = YES;
				CODE_SIGN_IDENTITY = "iPhone Developer";
				COPY_PHASE_STRIP = NO;
				DEBUG_INFORMATION_FORMAT = "dwarf-with-dsym";
				ENABLE_NS_ASSERTIONS = NO;
				ENABLE_STRICT_OBJC_MSGSEND = YES;
				GCC_C_LANGUAGE_STANDARD = gnu11;
				GCC_NO_COMMON_BLOCKS = YES;
				GCC_WARN_64_TO_32_BIT_CONVERSION = YES;
				GCC_WARN_ABOUT_RETURN_TYPE = YES_ERROR;
				GCC_WARN_UNDECLARED_SELECTOR = YES;
				GCC_WARN_UNINITIALIZED_AUTOS = YES_AGGRESSIVE;
				GCC_WARN_UNUSED_FUNCTION = YES;
				GCC_WARN_UNUSED_VARIABLE = YES;
				IPHONEOS_DEPLOYMENT_TARGET = 9.3;
				MTL_ENABLE_DEBUG_INFO = NO;
				MTL_FAST_MATH = YES;
				SDKROOT = iphoneos;
				SWIFT_COMPILATION_MODE = wholemodule;
				SWIFT_OPTIMIZATION_LEVEL = "-O";
				VALIDATE_PRODUCT = YES;
			};
			name = Release;
		};
		5E6803F9226486A10032924C /* Debug */ = {
			isa = XCBuildConfiguration;
			buildSettings = {
				ASSETCATALOG_COMPILER_APPICON_NAME = AppIcon;
				CODE_SIGN_STYLE = Automatic;
				DEVELOPMENT_TEAM = "";
				FRAMEWORK_SEARCH_PATHS = "$(inherited)";
				INFOPLIST_FILE = VAMPSwiftSample/Info.plist;
				LD_RUNPATH_SEARCH_PATHS = (
					"$(inherited)",
					"@executable_path/Frameworks",
				);
				OTHER_LDFLAGS = (
					"-ObjC",
					"$(inherited)",
				);
				PRODUCT_BUNDLE_IDENTIFIER = jp.supership.VAMPSwiftSample;
				PRODUCT_NAME = "$(TARGET_NAME)";
				SWIFT_VERSION = 4.2;
				TARGETED_DEVICE_FAMILY = "1,2";
			};
			name = Debug;
		};
		5E6803FA226486A10032924C /* Release */ = {
			isa = XCBuildConfiguration;
			buildSettings = {
				ASSETCATALOG_COMPILER_APPICON_NAME = AppIcon;
				CODE_SIGN_STYLE = Automatic;
				DEVELOPMENT_TEAM = "";
				FRAMEWORK_SEARCH_PATHS = "$(inherited)";
				INFOPLIST_FILE = VAMPSwiftSample/Info.plist;
				LD_RUNPATH_SEARCH_PATHS = (
					"$(inherited)",
					"@executable_path/Frameworks",
				);
				OTHER_LDFLAGS = (
					"-ObjC",
					"$(inherited)",
				);
				PRODUCT_BUNDLE_IDENTIFIER = jp.supership.VAMPSwiftSample;
				PRODUCT_NAME = "$(TARGET_NAME)";
				SWIFT_VERSION = 4.2;
				TARGETED_DEVICE_FAMILY = "1,2";
			};
			name = Release;
		};
/* End XCBuildConfiguration section */

/* Begin XCConfigurationList section */
		5E6803E12264869F0032924C /* Build configuration list for PBXProject "VAMPSwiftSample" */ = {
			isa = XCConfigurationList;
			buildConfigurations = (
				5E6803F6226486A10032924C /* Debug */,
				5E6803F7226486A10032924C /* Release */,
			);
			defaultConfigurationIsVisible = 0;
			defaultConfigurationName = Release;
		};
		5E6803F8226486A10032924C /* Build configuration list for PBXNativeTarget "VAMPSwiftSample" */ = {
			isa = XCConfigurationList;
			buildConfigurations = (
				5E6803F9226486A10032924C /* Debug */,
				5E6803FA226486A10032924C /* Release */,
			);
			defaultConfigurationIsVisible = 0;
			defaultConfigurationName = Release;
		};
/* End XCConfigurationList section */
	};
	rootObject = 5E6803DE2264869F0032924C /* Project object */;
}
