// !$*UTF8*$!
{
	archiveVersion = 1;
	classes = {
	};
	objectVersion = 46;
	objects = {

/* Begin PBXBuildFile section */
		DD0A16351EB828E10031ADD5 /* ADGPlayer.framework in Frameworks */ = {isa = PBXBuildFile; fileRef = DD0A16341EB828E10031ADD5 /* ADGPlayer.framework */; };
		DD0A163B1EB8290B0031ADD5 /* APVReward.framework in Frameworks */ = {isa = PBXBuildFile; fileRef = DD0A163A1EB8290B0031ADD5 /* APVReward.framework */; };
		DD6C75E31ED295950017130E /* AppLovinSDK.framework in Frameworks */ = {isa = PBXBuildFile; fileRef = DD6C75E21ED295950017130E /* AppLovinSDK.framework */; };
		DDA5884B1EA08EFC0044069B /* StoreKit.framework in Frameworks */ = {isa = PBXBuildFile; fileRef = DDA5884A1EA08EFC0044069B /* StoreKit.framework */; };
		EF0893C71E5C2F3F00F08BE5 /* main.m in Sources */ = {isa = PBXBuildFile; fileRef = EF0893C61E5C2F3F00F08BE5 /* main.m */; };
		EF0893CA1E5C2F3F00F08BE5 /* AppDelegate.m in Sources */ = {isa = PBXBuildFile; fileRef = EF0893C91E5C2F3F00F08BE5 /* AppDelegate.m */; };
		EF0893CD1E5C2F3F00F08BE5 /* ViewController.m in Sources */ = {isa = PBXBuildFile; fileRef = EF0893CC1E5C2F3F00F08BE5 /* ViewController.m */; };
		EF0893D01E5C2F3F00F08BE5 /* Main.storyboard in Resources */ = {isa = PBXBuildFile; fileRef = EF0893CE1E5C2F3F00F08BE5 /* Main.storyboard */; };
		EF0893D21E5C2F3F00F08BE5 /* Assets.xcassets in Resources */ = {isa = PBXBuildFile; fileRef = EF0893D11E5C2F3F00F08BE5 /* Assets.xcassets */; };
		EF0893D51E5C2F3F00F08BE5 /* LaunchScreen.storyboard in Resources */ = {isa = PBXBuildFile; fileRef = EF0893D31E5C2F3F00F08BE5 /* LaunchScreen.storyboard */; };
		EF0893EC1E5C310400F08BE5 /* invisible.mp3 in Resources */ = {isa = PBXBuildFile; fileRef = EF0893EB1E5C310400F08BE5 /* invisible.mp3 */; };
		EF0893EF1E5C33D100F08BE5 /* BorderButton.m in Sources */ = {isa = PBXBuildFile; fileRef = EF0893EE1E5C33D100F08BE5 /* BorderButton.m */; };
		EF0893F21E5C340200F08BE5 /* VideoSingleViewController.m in Sources */ = {isa = PBXBuildFile; fileRef = EF0893F11E5C340200F08BE5 /* VideoSingleViewController.m */; };
		EF0893FB1E5C34DE00F08BE5 /* InfoViewController.m in Sources */ = {isa = PBXBuildFile; fileRef = EF0893FA1E5C34DE00F08BE5 /* InfoViewController.m */; };
		EF0893FE1E5C355500F08BE5 /* MobileCoreServices.framework in Frameworks */ = {isa = PBXBuildFile; fileRef = EF0893FD1E5C355500F08BE5 /* MobileCoreServices.framework */; };
		EF0894001E5C355D00F08BE5 /* UIKit.framework in Frameworks */ = {isa = PBXBuildFile; fileRef = EF0893FF1E5C355D00F08BE5 /* UIKit.framework */; };
		EF0894021E5C356300F08BE5 /* WebKit.framework in Frameworks */ = {isa = PBXBuildFile; fileRef = EF0894011E5C356300F08BE5 /* WebKit.framework */; };
		EF0894041E5C356900F08BE5 /* Social.framework in Frameworks */ = {isa = PBXBuildFile; fileRef = EF0894031E5C356900F08BE5 /* Social.framework */; };
		EF0894061E5C357200F08BE5 /* MessageUI.framework in Frameworks */ = {isa = PBXBuildFile; fileRef = EF0894051E5C357200F08BE5 /* MessageUI.framework */; };
		EF0894081E5C358200F08BE5 /* EventKitUI.framework in Frameworks */ = {isa = PBXBuildFile; fileRef = EF0894071E5C358200F08BE5 /* EventKitUI.framework */; };
		EF08940A1E5C35A500F08BE5 /* AudioToolbox.framework in Frameworks */ = {isa = PBXBuildFile; fileRef = EF0894091E5C35A500F08BE5 /* AudioToolbox.framework */; };
		EF08940C1E5C35AA00F08BE5 /* libz.1.2.8.tbd in Frameworks */ = {isa = PBXBuildFile; fileRef = EF08940B1E5C35AA00F08BE5 /* libz.1.2.8.tbd */; };
		EF08940E1E5C35B200F08BE5 /* CoreMedia.framework in Frameworks */ = {isa = PBXBuildFile; fileRef = EF08940D1E5C35B200F08BE5 /* CoreMedia.framework */; };
		EF0894101E5C35B800F08BE5 /* CFNetwork.framework in Frameworks */ = {isa = PBXBuildFile; fileRef = EF08940F1E5C35B800F08BE5 /* CFNetwork.framework */; };
		EF0894121E5C364500F08BE5 /* AVFoundation.framework in Frameworks */ = {isa = PBXBuildFile; fileRef = EF0894111E5C364500F08BE5 /* AVFoundation.framework */; };
		EF08941A1E5C372700F08BE5 /* MediaPlayer.framework in Frameworks */ = {isa = PBXBuildFile; fileRef = EF0894191E5C372700F08BE5 /* MediaPlayer.framework */; };
		EF08941C1E5C372D00F08BE5 /* CoreTelephony.framework in Frameworks */ = {isa = PBXBuildFile; fileRef = EF08941B1E5C372D00F08BE5 /* CoreTelephony.framework */; };
		EF08941E1E5C373200F08BE5 /* SystemConfiguration.framework in Frameworks */ = {isa = PBXBuildFile; fileRef = EF08941D1E5C373200F08BE5 /* SystemConfiguration.framework */; };
		EF0894201E5C373900F08BE5 /* AdSupport.framework in Frameworks */ = {isa = PBXBuildFile; fileRef = EF08941F1E5C373900F08BE5 /* AdSupport.framework */; };
/* End PBXBuildFile section */

/* Begin PBXFileReference section */
		DD0A16341EB828E10031ADD5 /* ADGPlayer.framework */ = {isa = PBXFileReference; lastKnownFileType = wrapper.framework; path = ADGPlayer.framework; sourceTree = "<group>"; };
		DD0A163A1EB8290B0031ADD5 /* APVReward.framework */ = {isa = PBXFileReference; lastKnownFileType = wrapper.framework; path = APVReward.framework; sourceTree = "<group>"; };
		DD6C75E21ED295950017130E /* AppLovinSDK.framework */ = {isa = PBXFileReference; lastKnownFileType = wrapper.framework; path = AppLovinSDK.framework; sourceTree = "<group>"; };
		DDA5884A1EA08EFC0044069B /* StoreKit.framework */ = {isa = PBXFileReference; lastKnownFileType = wrapper.framework; name = StoreKit.framework; path = System/Library/Frameworks/StoreKit.framework; sourceTree = SDKROOT; };
		EF0893C21E5C2F3F00F08BE5 /* RewardSampleForObjC.app */ = {isa = PBXFileReference; explicitFileType = wrapper.application; includeInIndex = 0; path = RewardSampleForObjC.app; sourceTree = BUILT_PRODUCTS_DIR; };
		EF0893C61E5C2F3F00F08BE5 /* main.m */ = {isa = PBXFileReference; lastKnownFileType = sourcecode.c.objc; path = main.m; sourceTree = "<group>"; };
		EF0893C81E5C2F3F00F08BE5 /* AppDelegate.h */ = {isa = PBXFileReference; lastKnownFileType = sourcecode.c.h; path = AppDelegate.h; sourceTree = "<group>"; };
		EF0893C91E5C2F3F00F08BE5 /* AppDelegate.m */ = {isa = PBXFileReference; lastKnownFileType = sourcecode.c.objc; path = AppDelegate.m; sourceTree = "<group>"; };
		EF0893CB1E5C2F3F00F08BE5 /* ViewController.h */ = {isa = PBXFileReference; lastKnownFileType = sourcecode.c.h; path = ViewController.h; sourceTree = "<group>"; };
		EF0893CC1E5C2F3F00F08BE5 /* ViewController.m */ = {isa = PBXFileReference; lastKnownFileType = sourcecode.c.objc; path = ViewController.m; sourceTree = "<group>"; };
		EF0893CF1E5C2F3F00F08BE5 /* Base */ = {isa = PBXFileReference; lastKnownFileType = file.storyboard; name = Base; path = Base.lproj/Main.storyboard; sourceTree = "<group>"; };
		EF0893D11E5C2F3F00F08BE5 /* Assets.xcassets */ = {isa = PBXFileReference; lastKnownFileType = folder.assetcatalog; path = Assets.xcassets; sourceTree = "<group>"; };
		EF0893D41E5C2F3F00F08BE5 /* Base */ = {isa = PBXFileReference; lastKnownFileType = file.storyboard; name = Base; path = Base.lproj/LaunchScreen.storyboard; sourceTree = "<group>"; };
		EF0893D61E5C2F3F00F08BE5 /* Info.plist */ = {isa = PBXFileReference; lastKnownFileType = text.plist.xml; path = Info.plist; sourceTree = "<group>"; };
		EF0893EB1E5C310400F08BE5 /* invisible.mp3 */ = {isa = PBXFileReference; lastKnownFileType = audio.mp3; path = invisible.mp3; sourceTree = "<group>"; };
		EF0893ED1E5C33D100F08BE5 /* BorderButton.h */ = {isa = PBXFileReference; fileEncoding = 4; lastKnownFileType = sourcecode.c.h; path = BorderButton.h; sourceTree = "<group>"; };
		EF0893EE1E5C33D100F08BE5 /* BorderButton.m */ = {isa = PBXFileReference; fileEncoding = 4; lastKnownFileType = sourcecode.c.objc; path = BorderButton.m; sourceTree = "<group>"; };
		EF0893F01E5C340200F08BE5 /* VideoSingleViewController.h */ = {isa = PBXFileReference; fileEncoding = 4; lastKnownFileType = sourcecode.c.h; path = VideoSingleViewController.h; sourceTree = "<group>"; };
		EF0893F11E5C340200F08BE5 /* VideoSingleViewController.m */ = {isa = PBXFileReference; fileEncoding = 4; lastKnownFileType = sourcecode.c.objc; path = VideoSingleViewController.m; sourceTree = "<group>"; };
		EF0893F91E5C34DE00F08BE5 /* InfoViewController.h */ = {isa = PBXFileReference; fileEncoding = 4; lastKnownFileType = sourcecode.c.h; path = InfoViewController.h; sourceTree = "<group>"; };
		EF0893FA1E5C34DE00F08BE5 /* InfoViewController.m */ = {isa = PBXFileReference; fileEncoding = 4; lastKnownFileType = sourcecode.c.objc; path = InfoViewController.m; sourceTree = "<group>"; };
		EF0893FD1E5C355500F08BE5 /* MobileCoreServices.framework */ = {isa = PBXFileReference; lastKnownFileType = wrapper.framework; name = MobileCoreServices.framework; path = System/Library/Frameworks/MobileCoreServices.framework; sourceTree = SDKROOT; };
		EF0893FF1E5C355D00F08BE5 /* UIKit.framework */ = {isa = PBXFileReference; lastKnownFileType = wrapper.framework; name = UIKit.framework; path = System/Library/Frameworks/UIKit.framework; sourceTree = SDKROOT; };
		EF0894011E5C356300F08BE5 /* WebKit.framework */ = {isa = PBXFileReference; lastKnownFileType = wrapper.framework; name = WebKit.framework; path = System/Library/Frameworks/WebKit.framework; sourceTree = SDKROOT; };
		EF0894031E5C356900F08BE5 /* Social.framework */ = {isa = PBXFileReference; lastKnownFileType = wrapper.framework; name = Social.framework; path = System/Library/Frameworks/Social.framework; sourceTree = SDKROOT; };
		EF0894051E5C357200F08BE5 /* MessageUI.framework */ = {isa = PBXFileReference; lastKnownFileType = wrapper.framework; name = MessageUI.framework; path = System/Library/Frameworks/MessageUI.framework; sourceTree = SDKROOT; };
		EF0894071E5C358200F08BE5 /* EventKitUI.framework */ = {isa = PBXFileReference; lastKnownFileType = wrapper.framework; name = EventKitUI.framework; path = System/Library/Frameworks/EventKitUI.framework; sourceTree = SDKROOT; };
		EF0894091E5C35A500F08BE5 /* AudioToolbox.framework */ = {isa = PBXFileReference; lastKnownFileType = wrapper.framework; name = AudioToolbox.framework; path = System/Library/Frameworks/AudioToolbox.framework; sourceTree = SDKROOT; };
		EF08940B1E5C35AA00F08BE5 /* libz.1.2.8.tbd */ = {isa = PBXFileReference; lastKnownFileType = "sourcecode.text-based-dylib-definition"; name = libz.1.2.8.tbd; path = usr/lib/libz.1.2.8.tbd; sourceTree = SDKROOT; };
		EF08940D1E5C35B200F08BE5 /* CoreMedia.framework */ = {isa = PBXFileReference; lastKnownFileType = wrapper.framework; name = CoreMedia.framework; path = System/Library/Frameworks/CoreMedia.framework; sourceTree = SDKROOT; };
		EF08940F1E5C35B800F08BE5 /* CFNetwork.framework */ = {isa = PBXFileReference; lastKnownFileType = wrapper.framework; name = CFNetwork.framework; path = System/Library/Frameworks/CFNetwork.framework; sourceTree = SDKROOT; };
		EF0894111E5C364500F08BE5 /* AVFoundation.framework */ = {isa = PBXFileReference; lastKnownFileType = wrapper.framework; name = AVFoundation.framework; path = System/Library/Frameworks/AVFoundation.framework; sourceTree = SDKROOT; };
		EF0894131E5C364C00F08BE5 /* CoreGraphics.framework */ = {isa = PBXFileReference; lastKnownFileType = wrapper.framework; name = CoreGraphics.framework; path = System/Library/Frameworks/CoreGraphics.framework; sourceTree = SDKROOT; };
		EF0894151E5C365600F08BE5 /* QuartzCore.framework */ = {isa = PBXFileReference; lastKnownFileType = wrapper.framework; name = QuartzCore.framework; path = System/Library/Frameworks/QuartzCore.framework; sourceTree = SDKROOT; };
		EF0894171E5C371C00F08BE5 /* Security.framework */ = {isa = PBXFileReference; lastKnownFileType = wrapper.framework; name = Security.framework; path = System/Library/Frameworks/Security.framework; sourceTree = SDKROOT; };
		EF0894191E5C372700F08BE5 /* MediaPlayer.framework */ = {isa = PBXFileReference; lastKnownFileType = wrapper.framework; name = MediaPlayer.framework; path = System/Library/Frameworks/MediaPlayer.framework; sourceTree = SDKROOT; };
		EF08941B1E5C372D00F08BE5 /* CoreTelephony.framework */ = {isa = PBXFileReference; lastKnownFileType = wrapper.framework; name = CoreTelephony.framework; path = System/Library/Frameworks/CoreTelephony.framework; sourceTree = SDKROOT; };
		EF08941D1E5C373200F08BE5 /* SystemConfiguration.framework */ = {isa = PBXFileReference; lastKnownFileType = wrapper.framework; name = SystemConfiguration.framework; path = System/Library/Frameworks/SystemConfiguration.framework; sourceTree = SDKROOT; };
		EF08941F1E5C373900F08BE5 /* AdSupport.framework */ = {isa = PBXFileReference; lastKnownFileType = wrapper.framework; name = AdSupport.framework; path = System/Library/Frameworks/AdSupport.framework; sourceTree = SDKROOT; };
/* End PBXFileReference section */

/* Begin PBXFrameworksBuildPhase section */
		EF0893BF1E5C2F3F00F08BE5 /* Frameworks */ = {
			isa = PBXFrameworksBuildPhase;
			buildActionMask = 2147483647;
			files = (
				DDA5884B1EA08EFC0044069B /* StoreKit.framework in Frameworks */,
				EF0894201E5C373900F08BE5 /* AdSupport.framework in Frameworks */,
				EF08941E1E5C373200F08BE5 /* SystemConfiguration.framework in Frameworks */,
				EF08941C1E5C372D00F08BE5 /* CoreTelephony.framework in Frameworks */,
				EF08941A1E5C372700F08BE5 /* MediaPlayer.framework in Frameworks */,
				DD0A163B1EB8290B0031ADD5 /* APVReward.framework in Frameworks */,
				EF0894121E5C364500F08BE5 /* AVFoundation.framework in Frameworks */,
				EF0894101E5C35B800F08BE5 /* CFNetwork.framework in Frameworks */,
				EF08940E1E5C35B200F08BE5 /* CoreMedia.framework in Frameworks */,
				EF08940C1E5C35AA00F08BE5 /* libz.1.2.8.tbd in Frameworks */,
				EF08940A1E5C35A500F08BE5 /* AudioToolbox.framework in Frameworks */,
				EF0894081E5C358200F08BE5 /* EventKitUI.framework in Frameworks */,
				DD6C75E31ED295950017130E /* AppLovinSDK.framework in Frameworks */,
				EF0894061E5C357200F08BE5 /* MessageUI.framework in Frameworks */,
				DD0A16351EB828E10031ADD5 /* ADGPlayer.framework in Frameworks */,
				EF0894041E5C356900F08BE5 /* Social.framework in Frameworks */,
				EF0894021E5C356300F08BE5 /* WebKit.framework in Frameworks */,
				EF0894001E5C355D00F08BE5 /* UIKit.framework in Frameworks */,
				EF0893FE1E5C355500F08BE5 /* MobileCoreServices.framework in Frameworks */,
			);
			runOnlyForDeploymentPostprocessing = 0;
		};
/* End PBXFrameworksBuildPhase section */

/* Begin PBXGroup section */
		EF0893B91E5C2F3F00F08BE5 = {
			isa = PBXGroup;
			children = (
				EF0893C41E5C2F3F00F08BE5 /* RewardSampleForObjC */,
				EF0893C31E5C2F3F00F08BE5 /* Products */,
				EF0893FC1E5C355500F08BE5 /* Frameworks */,
			);
			sourceTree = "<group>";
		};
		EF0893C31E5C2F3F00F08BE5 /* Products */ = {
			isa = PBXGroup;
			children = (
				EF0893C21E5C2F3F00F08BE5 /* RewardSampleForObjC.app */,
			);
			name = Products;
			sourceTree = "<group>";
		};
		EF0893C41E5C2F3F00F08BE5 /* RewardSampleForObjC */ = {
			isa = PBXGroup;
			children = (
				EF0893EB1E5C310400F08BE5 /* invisible.mp3 */,
				EF0893ED1E5C33D100F08BE5 /* BorderButton.h */,
				EF0893EE1E5C33D100F08BE5 /* BorderButton.m */,
				EF0893F01E5C340200F08BE5 /* VideoSingleViewController.h */,
				EF0893F11E5C340200F08BE5 /* VideoSingleViewController.m */,
				EF0893F91E5C34DE00F08BE5 /* InfoViewController.h */,
				EF0893FA1E5C34DE00F08BE5 /* InfoViewController.m */,
				EF0893C81E5C2F3F00F08BE5 /* AppDelegate.h */,
				EF0893C91E5C2F3F00F08BE5 /* AppDelegate.m */,
				EF0893CB1E5C2F3F00F08BE5 /* ViewController.h */,
				EF0893CC1E5C2F3F00F08BE5 /* ViewController.m */,
				EF0893CE1E5C2F3F00F08BE5 /* Main.storyboard */,
				EF0893D11E5C2F3F00F08BE5 /* Assets.xcassets */,
				EF0893D31E5C2F3F00F08BE5 /* LaunchScreen.storyboard */,
				EF0893D61E5C2F3F00F08BE5 /* Info.plist */,
				EF0893DE1E5C30E500F08BE5 /* sdk */,
				EF0893C51E5C2F3F00F08BE5 /* Supporting Files */,
			);
			path = RewardSampleForObjC;
			sourceTree = "<group>";
		};
		EF0893C51E5C2F3F00F08BE5 /* Supporting Files */ = {
			isa = PBXGroup;
			children = (
				EF0893C61E5C2F3F00F08BE5 /* main.m */,
			);
			name = "Supporting Files";
			sourceTree = "<group>";
		};
		EF0893DE1E5C30E500F08BE5 /* sdk */ = {
			isa = PBXGroup;
			children = (
			);
			path = sdk;
			sourceTree = "<group>";
		};
		EF0893FC1E5C355500F08BE5 /* Frameworks */ = {
			isa = PBXGroup;
			children = (
				DDA5884A1EA08EFC0044069B /* StoreKit.framework */,
				EF08941F1E5C373900F08BE5 /* AdSupport.framework */,
				EF08941D1E5C373200F08BE5 /* SystemConfiguration.framework */,
				EF08941B1E5C372D00F08BE5 /* CoreTelephony.framework */,
				EF0894191E5C372700F08BE5 /* MediaPlayer.framework */,
				EF0894171E5C371C00F08BE5 /* Security.framework */,
				EF0894151E5C365600F08BE5 /* QuartzCore.framework */,
				EF0894131E5C364C00F08BE5 /* CoreGraphics.framework */,
				EF0894111E5C364500F08BE5 /* AVFoundation.framework */,
				EF08940F1E5C35B800F08BE5 /* CFNetwork.framework */,
				EF08940D1E5C35B200F08BE5 /* CoreMedia.framework */,
				EF08940B1E5C35AA00F08BE5 /* libz.1.2.8.tbd */,
				EF0894091E5C35A500F08BE5 /* AudioToolbox.framework */,
				EF0894071E5C358200F08BE5 /* EventKitUI.framework */,
				EF0894051E5C357200F08BE5 /* MessageUI.framework */,
				EF0894031E5C356900F08BE5 /* Social.framework */,
				EF0894011E5C356300F08BE5 /* WebKit.framework */,
				EF0893FF1E5C355D00F08BE5 /* UIKit.framework */,
				EF0893FD1E5C355500F08BE5 /* MobileCoreServices.framework */,
			);
			name = Frameworks;
			sourceTree = "<group>";
		};
/* End PBXGroup section */

/* Begin PBXNativeTarget section */
		EF0893C11E5C2F3F00F08BE5 /* RewardSampleForObjC */ = {
			isa = PBXNativeTarget;
			buildConfigurationList = EF0893D91E5C2F3F00F08BE5 /* Build configuration list for PBXNativeTarget "RewardSampleForObjC" */;
			buildPhases = (
				EF0893BE1E5C2F3F00F08BE5 /* Sources */,
				EF0893BF1E5C2F3F00F08BE5 /* Frameworks */,
				EF0893C01E5C2F3F00F08BE5 /* Resources */,
			);
			buildRules = (
			);
			dependencies = (
			);
			name = RewardSampleForObjC;
			productName = RewardSampleForObjC;
			productReference = EF0893C21E5C2F3F00F08BE5 /* RewardSampleForObjC.app */;
			productType = "com.apple.product-type.application";
		};
/* End PBXNativeTarget section */

/* Begin PBXProject section */
		EF0893BA1E5C2F3F00F08BE5 /* Project object */ = {
			isa = PBXProject;
			attributes = {
				LastUpgradeCheck = 0820;
				ORGANIZATIONNAME = jp.bitm;
				TargetAttributes = {
					EF0893C11E5C2F3F00F08BE5 = {
						CreatedOnToolsVersion = 8.2.1;
						DevelopmentTeam = E9SEU5S586;
						ProvisioningStyle = Automatic;
					};
				};
			};
			buildConfigurationList = EF0893BD1E5C2F3F00F08BE5 /* Build configuration list for PBXProject "RewardSampleForObjC" */;
			compatibilityVersion = "Xcode 3.2";
			developmentRegion = English;
			hasScannedForEncodings = 0;
			knownRegions = (
				en,
				Base,
			);
			mainGroup = EF0893B91E5C2F3F00F08BE5;
			productRefGroup = EF0893C31E5C2F3F00F08BE5 /* Products */;
			projectDirPath = "";
			projectRoot = "";
			targets = (
				EF0893C11E5C2F3F00F08BE5 /* RewardSampleForObjC */,
			);
		};
/* End PBXProject section */

/* Begin PBXResourcesBuildPhase section */
		EF0893C01E5C2F3F00F08BE5 /* Resources */ = {
			isa = PBXResourcesBuildPhase;
			buildActionMask = 2147483647;
			files = (
				EF0893EC1E5C310400F08BE5 /* invisible.mp3 in Resources */,
				EF0893D51E5C2F3F00F08BE5 /* LaunchScreen.storyboard in Resources */,
				EF0893D21E5C2F3F00F08BE5 /* Assets.xcassets in Resources */,
				EF0893D01E5C2F3F00F08BE5 /* Main.storyboard in Resources */,
			);
			runOnlyForDeploymentPostprocessing = 0;
		};
/* End PBXResourcesBuildPhase section */

/* Begin PBXSourcesBuildPhase section */
		EF0893BE1E5C2F3F00F08BE5 /* Sources */ = {
			isa = PBXSourcesBuildPhase;
			buildActionMask = 2147483647;
			files = (
				EF0893F21E5C340200F08BE5 /* VideoSingleViewController.m in Sources */,
				EF0893FB1E5C34DE00F08BE5 /* InfoViewController.m in Sources */,
				EF0893CD1E5C2F3F00F08BE5 /* ViewController.m in Sources */,
				EF0893CA1E5C2F3F00F08BE5 /* AppDelegate.m in Sources */,
				EF0893C71E5C2F3F00F08BE5 /* main.m in Sources */,
				EF0893EF1E5C33D100F08BE5 /* BorderButton.m in Sources */,
			);
			runOnlyForDeploymentPostprocessing = 0;
		};
/* End PBXSourcesBuildPhase section */

/* Begin PBXVariantGroup section */
		EF0893CE1E5C2F3F00F08BE5 /* Main.storyboard */ = {
			isa = PBXVariantGroup;
			children = (
				EF0893CF1E5C2F3F00F08BE5 /* Base */,
			);
			name = Main.storyboard;
			sourceTree = "<group>";
		};
		EF0893D31E5C2F3F00F08BE5 /* LaunchScreen.storyboard */ = {
			isa = PBXVariantGroup;
			children = (
				EF0893D41E5C2F3F00F08BE5 /* Base */,
			);
			name = LaunchScreen.storyboard;
			sourceTree = "<group>";
		};
/* End PBXVariantGroup section */

/* Begin XCBuildConfiguration section */
		EF0893D71E5C2F3F00F08BE5 /* Debug */ = {
			isa = XCBuildConfiguration;
			buildSettings = {
				ALWAYS_SEARCH_USER_PATHS = NO;
				CLANG_ANALYZER_NONNULL = YES;
				CLANG_CXX_LANGUAGE_STANDARD = "gnu++0x";
				CLANG_CXX_LIBRARY = "libc++";
				CLANG_ENABLE_MODULES = YES;
				CLANG_ENABLE_OBJC_ARC = YES;
				CLANG_WARN_BOOL_CONVERSION = YES;
				CLANG_WARN_CONSTANT_CONVERSION = YES;
				CLANG_WARN_DIRECT_OBJC_ISA_USAGE = YES_ERROR;
				CLANG_WARN_DOCUMENTATION_COMMENTS = YES;
				CLANG_WARN_EMPTY_BODY = YES;
				CLANG_WARN_ENUM_CONVERSION = YES;
				CLANG_WARN_INFINITE_RECURSION = YES;
				CLANG_WARN_INT_CONVERSION = YES;
				CLANG_WARN_OBJC_ROOT_CLASS = YES_ERROR;
				CLANG_WARN_SUSPICIOUS_MOVE = YES;
				CLANG_WARN_UNREACHABLE_CODE = YES;
				CLANG_WARN__DUPLICATE_METHOD_MATCH = YES;
				"CODE_SIGN_IDENTITY[sdk=iphoneos*]" = "";
				COPY_PHASE_STRIP = NO;
				DEBUG_INFORMATION_FORMAT = dwarf;
				ENABLE_STRICT_OBJC_MSGSEND = YES;
				ENABLE_TESTABILITY = YES;
				GCC_C_LANGUAGE_STANDARD = gnu99;
				GCC_DYNAMIC_NO_PIC = NO;
				GCC_NO_COMMON_BLOCKS = YES;
				GCC_OPTIMIZATION_LEVEL = 0;
				GCC_PREPROCESSOR_DEFINITIONS = (
					"DEBUG=1",
					"$(inherited)",
				);
				GCC_WARN_64_TO_32_BIT_CONVERSION = YES;
				GCC_WARN_ABOUT_RETURN_TYPE = YES_ERROR;
				GCC_WARN_UNDECLARED_SELECTOR = YES;
				GCC_WARN_UNINITIALIZED_AUTOS = YES_AGGRESSIVE;
				GCC_WARN_UNUSED_FUNCTION = YES;
				GCC_WARN_UNUSED_VARIABLE = YES;
				IPHONEOS_DEPLOYMENT_TARGET = 7.1;
				MTL_ENABLE_DEBUG_INFO = YES;
				ONLY_ACTIVE_ARCH = YES;
				SDKROOT = iphoneos;
				TARGETED_DEVICE_FAMILY = "1,2";
			};
			name = Debug;
		};
		EF0893D81E5C2F3F00F08BE5 /* Release */ = {
			isa = XCBuildConfiguration;
			buildSettings = {
				ALWAYS_SEARCH_USER_PATHS = NO;
				CLANG_ANALYZER_NONNULL = YES;
				CLANG_CXX_LANGUAGE_STANDARD = "gnu++0x";
				CLANG_CXX_LIBRARY = "libc++";
				CLANG_ENABLE_MODULES = YES;
				CLANG_ENABLE_OBJC_ARC = YES;
				CLANG_WARN_BOOL_CONVERSION = YES;
				CLANG_WARN_CONSTANT_CONVERSION = YES;
				CLANG_WARN_DIRECT_OBJC_ISA_USAGE = YES_ERROR;
				CLANG_WARN_DOCUMENTATION_COMMENTS = YES;
				CLANG_WARN_EMPTY_BODY = YES;
				CLANG_WARN_ENUM_CONVERSION = YES;
				CLANG_WARN_INFINITE_RECURSION = YES;
				CLANG_WARN_INT_CONVERSION = YES;
				CLANG_WARN_OBJC_ROOT_CLASS = YES_ERROR;
				CLANG_WARN_SUSPICIOUS_MOVE = YES;
				CLANG_WARN_UNREACHABLE_CODE = YES;
				CLANG_WARN__DUPLICATE_METHOD_MATCH = YES;
				"CODE_SIGN_IDENTITY[sdk=iphoneos*]" = "";
				COPY_PHASE_STRIP = NO;
				DEBUG_INFORMATION_FORMAT = "dwarf-with-dsym";
				ENABLE_NS_ASSERTIONS = NO;
				ENABLE_STRICT_OBJC_MSGSEND = YES;
				GCC_C_LANGUAGE_STANDARD = gnu99;
				GCC_NO_COMMON_BLOCKS = YES;
				GCC_WARN_64_TO_32_BIT_CONVERSION = YES;
				GCC_WARN_ABOUT_RETURN_TYPE = YES_ERROR;
				GCC_WARN_UNDECLARED_SELECTOR = YES;
				GCC_WARN_UNINITIALIZED_AUTOS = YES_AGGRESSIVE;
				GCC_WARN_UNUSED_FUNCTION = YES;
				GCC_WARN_UNUSED_VARIABLE = YES;
				IPHONEOS_DEPLOYMENT_TARGET = 7.1;
				MTL_ENABLE_DEBUG_INFO = NO;
				SDKROOT = iphoneos;
				TARGETED_DEVICE_FAMILY = "1,2";
				VALIDATE_PRODUCT = YES;
			};
			name = Release;
		};
		EF0893DA1E5C2F3F00F08BE5 /* Debug */ = {
			isa = XCBuildConfiguration;
			buildSettings = {
				ASSETCATALOG_COMPILER_APPICON_NAME = AppIcon;
				"CODE_SIGN_IDENTITY[sdk=iphoneos*]" = "";
				DEVELOPMENT_TEAM = E9SEU5S586;
				FRAMEWORK_SEARCH_PATHS = (
					"$(inherited)",
					"$(PROJECT_DIR)/RewardSampleForObjC/sdk",
					"$(PROJECT_DIR)",
				);
				INFOPLIST_FILE = RewardSampleForObjC/Info.plist;
				IPHONEOS_DEPLOYMENT_TARGET = 7.1;
				LD_RUNPATH_SEARCH_PATHS = "$(inherited) @executable_path/Frameworks";
				LIBRARY_SEARCH_PATHS = (
					"$(inherited)",
					"$(PROJECT_DIR)/RewardSampleForObjC/sdk",
				);
				OTHER_LDFLAGS = "-ObjC";
				PRODUCT_BUNDLE_IDENTIFIER = jp.supership.vamp.sample;
				PRODUCT_NAME = "$(TARGET_NAME)";
				PROVISIONING_PROFILE = "";
				PROVISIONING_PROFILE_SPECIFIER = "";
			};
			name = Debug;
		};
		EF0893DB1E5C2F3F00F08BE5 /* Release */ = {
			isa = XCBuildConfiguration;
			buildSettings = {
				ASSETCATALOG_COMPILER_APPICON_NAME = AppIcon;
				"CODE_SIGN_IDENTITY[sdk=iphoneos*]" = "";
				DEVELOPMENT_TEAM = E9SEU5S586;
				FRAMEWORK_SEARCH_PATHS = (
					"$(inherited)",
					"$(PROJECT_DIR)/RewardSampleForObjC/sdk",
					"$(PROJECT_DIR)",
				);
				INFOPLIST_FILE = RewardSampleForObjC/Info.plist;
				IPHONEOS_DEPLOYMENT_TARGET = 7.1;
				LD_RUNPATH_SEARCH_PATHS = "$(inherited) @executable_path/Frameworks";
				LIBRARY_SEARCH_PATHS = (
					"$(inherited)",
					"$(PROJECT_DIR)/RewardSampleForObjC/sdk",
				);
				OTHER_LDFLAGS = "-ObjC";
				PRODUCT_BUNDLE_IDENTIFIER = jp.supership.vamp.sample;
				PRODUCT_NAME = "$(TARGET_NAME)";
				PROVISIONING_PROFILE_SPECIFIER = "";
			};
			name = Release;
		};
/* End XCBuildConfiguration section */

/* Begin XCConfigurationList section */
		EF0893BD1E5C2F3F00F08BE5 /* Build configuration list for PBXProject "RewardSampleForObjC" */ = {
			isa = XCConfigurationList;
			buildConfigurations = (
				EF0893D71E5C2F3F00F08BE5 /* Debug */,
				EF0893D81E5C2F3F00F08BE5 /* Release */,
			);
			defaultConfigurationIsVisible = 0;
			defaultConfigurationName = Release;
		};
		EF0893D91E5C2F3F00F08BE5 /* Build configuration list for PBXNativeTarget "RewardSampleForObjC" */ = {
			isa = XCConfigurationList;
			buildConfigurations = (
				EF0893DA1E5C2F3F00F08BE5 /* Debug */,
				EF0893DB1E5C2F3F00F08BE5 /* Release */,
			);
			defaultConfigurationIsVisible = 0;
			defaultConfigurationName = Release;
		};
/* End XCConfigurationList section */
	};
	rootObject = EF0893BA1E5C2F3F00F08BE5 /* Project object */;
}
