// !$*UTF8*$!
{
	archiveVersion = 1;
	classes = {
	};
	objectVersion = 46;
	objects = {

/* Begin PBXBuildFile section */
		63C377C01DE20D3900583E3E /* AppDelegate.swift in Sources */ = {isa = PBXBuildFile; fileRef = 63C377BF1DE20D3900583E3E /* AppDelegate.swift */; };
		63C377C21DE20D3900583E3E /* ViewController.swift in Sources */ = {isa = PBXBuildFile; fileRef = 63C377C11DE20D3900583E3E /* ViewController.swift */; };
		63C377C71DE20D3900583E3E /* Assets.xcassets in Resources */ = {isa = PBXBuildFile; fileRef = 63C377C61DE20D3900583E3E /* Assets.xcassets */; };
		63C377CA1DE20D3900583E3E /* LaunchScreen.storyboard in Resources */ = {isa = PBXBuildFile; fileRef = 63C377C81DE20D3900583E3E /* LaunchScreen.storyboard */; };
		63C377D41DE20FDB00583E3E /* VideoSingleViewController.swift in Sources */ = {isa = PBXBuildFile; fileRef = 63C377D31DE20FDB00583E3E /* VideoSingleViewController.swift */; };
		63C377D81DE2102400583E3E /* InfoViewController.swift in Sources */ = {isa = PBXBuildFile; fileRef = 63C377D71DE2102400583E3E /* InfoViewController.swift */; };
		63C3780B1DE2163100583E3E /* AdSupport.framework in Frameworks */ = {isa = PBXBuildFile; fileRef = 63C3780A1DE2163100583E3E /* AdSupport.framework */; };
		63C3780D1DE2163700583E3E /* SystemConfiguration.framework in Frameworks */ = {isa = PBXBuildFile; fileRef = 63C3780C1DE2163700583E3E /* SystemConfiguration.framework */; };
		63C3780F1DE2163E00583E3E /* CoreTelephony.framework in Frameworks */ = {isa = PBXBuildFile; fileRef = 63C3780E1DE2163E00583E3E /* CoreTelephony.framework */; };
		63C378111DE2164500583E3E /* MediaPlayer.framework in Frameworks */ = {isa = PBXBuildFile; fileRef = 63C378101DE2164500583E3E /* MediaPlayer.framework */; };
		63C378191DE2165D00583E3E /* AVFoundation.framework in Frameworks */ = {isa = PBXBuildFile; fileRef = 63C378181DE2165D00583E3E /* AVFoundation.framework */; };
		63C3781B1DE2166300583E3E /* CFNetwork.framework in Frameworks */ = {isa = PBXBuildFile; fileRef = 63C3781A1DE2166300583E3E /* CFNetwork.framework */; };
		63C3781D1DE2166D00583E3E /* CoreMedia.framework in Frameworks */ = {isa = PBXBuildFile; fileRef = 63C3781C1DE2166D00583E3E /* CoreMedia.framework */; };
		63C378211DE2167900583E3E /* libz.1.2.8.tbd in Frameworks */ = {isa = PBXBuildFile; fileRef = 63C378201DE2167900583E3E /* libz.1.2.8.tbd */; };
		63C378231DE2168800583E3E /* AudioToolbox.framework in Frameworks */ = {isa = PBXBuildFile; fileRef = 63C378221DE2168800583E3E /* AudioToolbox.framework */; };
		63C378251DE2169500583E3E /* EventKit.framework in Frameworks */ = {isa = PBXBuildFile; fileRef = 63C378241DE2169500583E3E /* EventKit.framework */; };
		63C378271DE2169A00583E3E /* EventKitUI.framework in Frameworks */ = {isa = PBXBuildFile; fileRef = 63C378261DE2169A00583E3E /* EventKitUI.framework */; };
		63C378291DE216A100583E3E /* MessageUI.framework in Frameworks */ = {isa = PBXBuildFile; fileRef = 63C378281DE216A100583E3E /* MessageUI.framework */; };
		63C3782B1DE216AA00583E3E /* Social.framework in Frameworks */ = {isa = PBXBuildFile; fileRef = 63C3782A1DE216AA00583E3E /* Social.framework */; };
		63C3782D1DE216B100583E3E /* WebKit.framework in Frameworks */ = {isa = PBXBuildFile; fileRef = 63C3782C1DE216B100583E3E /* WebKit.framework */; };
		63C3782F1DE216C000583E3E /* UIKit.framework in Frameworks */ = {isa = PBXBuildFile; fileRef = 63C3782E1DE216C000583E3E /* UIKit.framework */; };
		DD0A16371EB828E60031ADD5 /* ADGPlayer.framework in Frameworks */ = {isa = PBXBuildFile; fileRef = DD0A16361EB828E60031ADD5 /* ADGPlayer.framework */; };
		DD53D3311E1D4E050053DC99 /* invisible.mp3 in Resources */ = {isa = PBXBuildFile; fileRef = EF31231D1DF6705D00131E96 /* invisible.mp3 */; };
		DDF0993D1EDBC3C8002E5729 /* StoreKit.framework in Frameworks */ = {isa = PBXBuildFile; fileRef = DDF0993C1EDBC3C8002E5729 /* StoreKit.framework */; };
		EF3123201DF69C2D00131E96 /* MobileCoreServices.framework in Frameworks */ = {isa = PBXBuildFile; fileRef = EF31231F1DF69C2D00131E96 /* MobileCoreServices.framework */; };
		EF3BD8BF1DE3E6F400841B08 /* BorderButton.swift in Sources */ = {isa = PBXBuildFile; fileRef = EF3BD8BE1DE3E6F400841B08 /* BorderButton.swift */; };
		EF3BD8C21DE3E72000841B08 /* Main.storyboard in Resources */ = {isa = PBXBuildFile; fileRef = EF3BD8C01DE3E72000841B08 /* Main.storyboard */; };
/* End PBXBuildFile section */

/* Begin PBXFileReference section */
		63C377BC1DE20D3900583E3E /* RewardSampleForSwift.app */ = {isa = PBXFileReference; explicitFileType = wrapper.application; includeInIndex = 0; path = RewardSampleForSwift.app; sourceTree = BUILT_PRODUCTS_DIR; };
		63C377BF1DE20D3900583E3E /* AppDelegate.swift */ = {isa = PBXFileReference; lastKnownFileType = sourcecode.swift; path = AppDelegate.swift; sourceTree = "<group>"; };
		63C377C11DE20D3900583E3E /* ViewController.swift */ = {isa = PBXFileReference; lastKnownFileType = sourcecode.swift; path = ViewController.swift; sourceTree = "<group>"; };
		63C377C61DE20D3900583E3E /* Assets.xcassets */ = {isa = PBXFileReference; lastKnownFileType = folder.assetcatalog; path = Assets.xcassets; sourceTree = "<group>"; };
		63C377C91DE20D3900583E3E /* Base */ = {isa = PBXFileReference; lastKnownFileType = file.storyboard; name = Base; path = Base.lproj/LaunchScreen.storyboard; sourceTree = "<group>"; };
		63C377CB1DE20D3900583E3E /* Info.plist */ = {isa = PBXFileReference; lastKnownFileType = text.plist.xml; path = Info.plist; sourceTree = "<group>"; };
		63C377D31DE20FDB00583E3E /* VideoSingleViewController.swift */ = {isa = PBXFileReference; fileEncoding = 4; lastKnownFileType = sourcecode.swift; lineEnding = 0; path = VideoSingleViewController.swift; sourceTree = "<group>"; xcLanguageSpecificationIdentifier = xcode.lang.swift; };
		63C377D71DE2102400583E3E /* InfoViewController.swift */ = {isa = PBXFileReference; fileEncoding = 4; lastKnownFileType = sourcecode.swift; path = InfoViewController.swift; sourceTree = "<group>"; };
		63C378081DE2155900583E3E /* RewardSampleForSwift-Bridging-Header.h */ = {isa = PBXFileReference; lastKnownFileType = sourcecode.c.h; path = "RewardSampleForSwift-Bridging-Header.h"; sourceTree = SOURCE_ROOT; };
		63C3780A1DE2163100583E3E /* AdSupport.framework */ = {isa = PBXFileReference; lastKnownFileType = wrapper.framework; name = AdSupport.framework; path = System/Library/Frameworks/AdSupport.framework; sourceTree = SDKROOT; };
		63C3780C1DE2163700583E3E /* SystemConfiguration.framework */ = {isa = PBXFileReference; lastKnownFileType = wrapper.framework; name = SystemConfiguration.framework; path = System/Library/Frameworks/SystemConfiguration.framework; sourceTree = SDKROOT; };
		63C3780E1DE2163E00583E3E /* CoreTelephony.framework */ = {isa = PBXFileReference; lastKnownFileType = wrapper.framework; name = CoreTelephony.framework; path = System/Library/Frameworks/CoreTelephony.framework; sourceTree = SDKROOT; };
		63C378101DE2164500583E3E /* MediaPlayer.framework */ = {isa = PBXFileReference; lastKnownFileType = wrapper.framework; name = MediaPlayer.framework; path = System/Library/Frameworks/MediaPlayer.framework; sourceTree = SDKROOT; };
		63C378121DE2164B00583E3E /* Security.framework */ = {isa = PBXFileReference; lastKnownFileType = wrapper.framework; name = Security.framework; path = System/Library/Frameworks/Security.framework; sourceTree = SDKROOT; };
		63C378141DE2165100583E3E /* QuartzCore.framework */ = {isa = PBXFileReference; lastKnownFileType = wrapper.framework; name = QuartzCore.framework; path = System/Library/Frameworks/QuartzCore.framework; sourceTree = SDKROOT; };
		63C378161DE2165700583E3E /* CoreGraphics.framework */ = {isa = PBXFileReference; lastKnownFileType = wrapper.framework; name = CoreGraphics.framework; path = System/Library/Frameworks/CoreGraphics.framework; sourceTree = SDKROOT; };
		63C378181DE2165D00583E3E /* AVFoundation.framework */ = {isa = PBXFileReference; lastKnownFileType = wrapper.framework; name = AVFoundation.framework; path = System/Library/Frameworks/AVFoundation.framework; sourceTree = SDKROOT; };
		63C3781A1DE2166300583E3E /* CFNetwork.framework */ = {isa = PBXFileReference; lastKnownFileType = wrapper.framework; name = CFNetwork.framework; path = System/Library/Frameworks/CFNetwork.framework; sourceTree = SDKROOT; };
		63C3781C1DE2166D00583E3E /* CoreMedia.framework */ = {isa = PBXFileReference; lastKnownFileType = wrapper.framework; name = CoreMedia.framework; path = System/Library/Frameworks/CoreMedia.framework; sourceTree = SDKROOT; };
		63C378201DE2167900583E3E /* libz.1.2.8.tbd */ = {isa = PBXFileReference; lastKnownFileType = "sourcecode.text-based-dylib-definition"; name = libz.1.2.8.tbd; path = usr/lib/libz.1.2.8.tbd; sourceTree = SDKROOT; };
		63C378221DE2168800583E3E /* AudioToolbox.framework */ = {isa = PBXFileReference; lastKnownFileType = wrapper.framework; name = AudioToolbox.framework; path = System/Library/Frameworks/AudioToolbox.framework; sourceTree = SDKROOT; };
		63C378241DE2169500583E3E /* EventKit.framework */ = {isa = PBXFileReference; lastKnownFileType = wrapper.framework; name = EventKit.framework; path = System/Library/Frameworks/EventKit.framework; sourceTree = SDKROOT; };
		63C378261DE2169A00583E3E /* EventKitUI.framework */ = {isa = PBXFileReference; lastKnownFileType = wrapper.framework; name = EventKitUI.framework; path = System/Library/Frameworks/EventKitUI.framework; sourceTree = SDKROOT; };
		63C378281DE216A100583E3E /* MessageUI.framework */ = {isa = PBXFileReference; lastKnownFileType = wrapper.framework; name = MessageUI.framework; path = System/Library/Frameworks/MessageUI.framework; sourceTree = SDKROOT; };
		63C3782A1DE216AA00583E3E /* Social.framework */ = {isa = PBXFileReference; lastKnownFileType = wrapper.framework; name = Social.framework; path = System/Library/Frameworks/Social.framework; sourceTree = SDKROOT; };
		63C3782C1DE216B100583E3E /* WebKit.framework */ = {isa = PBXFileReference; lastKnownFileType = wrapper.framework; name = WebKit.framework; path = System/Library/Frameworks/WebKit.framework; sourceTree = SDKROOT; };
		63C3782E1DE216C000583E3E /* UIKit.framework */ = {isa = PBXFileReference; lastKnownFileType = wrapper.framework; name = UIKit.framework; path = System/Library/Frameworks/UIKit.framework; sourceTree = SDKROOT; };
		DD0A16361EB828E60031ADD5 /* ADGPlayer.framework */ = {isa = PBXFileReference; lastKnownFileType = wrapper.framework; path = ADGPlayer.framework; sourceTree = "<group>"; };
		DD53D32F1E1D463E0053DC99 /* ja */ = {isa = PBXFileReference; lastKnownFileType = text.plist.strings; name = ja; path = ja.lproj/Main.strings; sourceTree = "<group>"; };
		DD53D3301E1D463E0053DC99 /* ja */ = {isa = PBXFileReference; lastKnownFileType = text.plist.strings; name = ja; path = ja.lproj/LaunchScreen.strings; sourceTree = "<group>"; };
		DDF0993C1EDBC3C8002E5729 /* StoreKit.framework */ = {isa = PBXFileReference; lastKnownFileType = wrapper.framework; name = StoreKit.framework; path = System/Library/Frameworks/StoreKit.framework; sourceTree = SDKROOT; };
		EF31231D1DF6705D00131E96 /* invisible.mp3 */ = {isa = PBXFileReference; lastKnownFileType = audio.mp3; path = invisible.mp3; sourceTree = "<group>"; };
		EF31231F1DF69C2D00131E96 /* MobileCoreServices.framework */ = {isa = PBXFileReference; lastKnownFileType = wrapper.framework; name = MobileCoreServices.framework; path = System/Library/Frameworks/MobileCoreServices.framework; sourceTree = SDKROOT; };
		EF3BD8BE1DE3E6F400841B08 /* BorderButton.swift */ = {isa = PBXFileReference; fileEncoding = 4; lastKnownFileType = sourcecode.swift; path = BorderButton.swift; sourceTree = "<group>"; };
		EF3BD8C11DE3E72000841B08 /* Base */ = {isa = PBXFileReference; lastKnownFileType = file.storyboard; name = Base; path = Base.lproj/Main.storyboard; sourceTree = "<group>"; };
/* End PBXFileReference section */

/* Begin PBXFrameworksBuildPhase section */
		63C377B91DE20D3900583E3E /* Frameworks */ = {
			isa = PBXFrameworksBuildPhase;
			buildActionMask = 2147483647;
			files = (
				DDF0993D1EDBC3C8002E5729 /* StoreKit.framework in Frameworks */,
				EF3123201DF69C2D00131E96 /* MobileCoreServices.framework in Frameworks */,
				63C3782F1DE216C000583E3E /* UIKit.framework in Frameworks */,
				63C3782D1DE216B100583E3E /* WebKit.framework in Frameworks */,
				63C3782B1DE216AA00583E3E /* Social.framework in Frameworks */,
				63C378291DE216A100583E3E /* MessageUI.framework in Frameworks */,
				63C378271DE2169A00583E3E /* EventKitUI.framework in Frameworks */,
				63C378251DE2169500583E3E /* EventKit.framework in Frameworks */,
				63C378231DE2168800583E3E /* AudioToolbox.framework in Frameworks */,
				63C378211DE2167900583E3E /* libz.1.2.8.tbd in Frameworks */,
				63C3781D1DE2166D00583E3E /* CoreMedia.framework in Frameworks */,
				63C3781B1DE2166300583E3E /* CFNetwork.framework in Frameworks */,
				DD0A16371EB828E60031ADD5 /* ADGPlayer.framework in Frameworks */,
				63C378191DE2165D00583E3E /* AVFoundation.framework in Frameworks */,
				63C378111DE2164500583E3E /* MediaPlayer.framework in Frameworks */,
				63C3780F1DE2163E00583E3E /* CoreTelephony.framework in Frameworks */,
				63C3780D1DE2163700583E3E /* SystemConfiguration.framework in Frameworks */,
				63C3780B1DE2163100583E3E /* AdSupport.framework in Frameworks */,
			);
			runOnlyForDeploymentPostprocessing = 0;
		};
/* End PBXFrameworksBuildPhase section */

/* Begin PBXGroup section */
		63C377B31DE20D3900583E3E = {
			isa = PBXGroup;
			children = (
				63C377BE1DE20D3900583E3E /* RewardSampleForSwift */,
				63C378081DE2155900583E3E /* RewardSampleForSwift-Bridging-Header.h */,
				63C378091DE2163100583E3E /* Frameworks */,
			);
			sourceTree = "<group>";
		};
		63C377BD1DE20D3900583E3E /* Products */ = {
			isa = PBXGroup;
			children = (
				63C377BC1DE20D3900583E3E /* RewardSampleForSwift.app */,
			);
			name = Products;
			path = ..;
			sourceTree = "<group>";
		};
		63C377BE1DE20D3900583E3E /* RewardSampleForSwift */ = {
			isa = PBXGroup;
			children = (
				EF31231D1DF6705D00131E96 /* invisible.mp3 */,
				EF3BD8BE1DE3E6F400841B08 /* BorderButton.swift */,
				63C377D31DE20FDB00583E3E /* VideoSingleViewController.swift */,
				63C377D71DE2102400583E3E /* InfoViewController.swift */,
				63C377BF1DE20D3900583E3E /* AppDelegate.swift */,
				63C377C11DE20D3900583E3E /* ViewController.swift */,
				EF3BD8C01DE3E72000841B08 /* Main.storyboard */,
				63C377C61DE20D3900583E3E /* Assets.xcassets */,
				63C377C81DE20D3900583E3E /* LaunchScreen.storyboard */,
				63C377CB1DE20D3900583E3E /* Info.plist */,
				63C377D91DE2113E00583E3E /* sdk */,
				63C377BD1DE20D3900583E3E /* Products */,
			);
			path = RewardSampleForSwift;
			sourceTree = "<group>";
		};
		63C377D91DE2113E00583E3E /* sdk */ = {
			isa = PBXGroup;
			children = (
			);
			path = sdk;
			sourceTree = "<group>";
		};
		63C378091DE2163100583E3E /* Frameworks */ = {
			isa = PBXGroup;
			children = (
				DDF0993C1EDBC3C8002E5729 /* StoreKit.framework */,
				EF31231F1DF69C2D00131E96 /* MobileCoreServices.framework */,
				63C3782E1DE216C000583E3E /* UIKit.framework */,
				63C3782C1DE216B100583E3E /* WebKit.framework */,
				63C3782A1DE216AA00583E3E /* Social.framework */,
				63C378281DE216A100583E3E /* MessageUI.framework */,
				63C378261DE2169A00583E3E /* EventKitUI.framework */,
				63C378241DE2169500583E3E /* EventKit.framework */,
				63C378221DE2168800583E3E /* AudioToolbox.framework */,
				63C378201DE2167900583E3E /* libz.1.2.8.tbd */,
				63C3781C1DE2166D00583E3E /* CoreMedia.framework */,
				63C3781A1DE2166300583E3E /* CFNetwork.framework */,
				63C378181DE2165D00583E3E /* AVFoundation.framework */,
				63C378161DE2165700583E3E /* CoreGraphics.framework */,
				63C378141DE2165100583E3E /* QuartzCore.framework */,
				63C378121DE2164B00583E3E /* Security.framework */,
				63C378101DE2164500583E3E /* MediaPlayer.framework */,
				63C3780E1DE2163E00583E3E /* CoreTelephony.framework */,
				63C3780C1DE2163700583E3E /* SystemConfiguration.framework */,
				63C3780A1DE2163100583E3E /* AdSupport.framework */,
			);
			name = Frameworks;
			sourceTree = "<group>";
		};
/* End PBXGroup section */

/* Begin PBXNativeTarget section */
		63C377BB1DE20D3900583E3E /* RewardSampleForSwift */ = {
			isa = PBXNativeTarget;
			buildConfigurationList = 63C377CE1DE20D3900583E3E /* Build configuration list for PBXNativeTarget "RewardSampleForSwift" */;
			buildPhases = (
				63C377B81DE20D3900583E3E /* Sources */,
				63C377B91DE20D3900583E3E /* Frameworks */,
				63C377BA1DE20D3900583E3E /* Resources */,
			);
			buildRules = (
			);
			dependencies = (
			);
			name = RewardSampleForSwift;
			productName = RewardSampleForSwift;
			productReference = 63C377BC1DE20D3900583E3E /* RewardSampleForSwift.app */;
			productType = "com.apple.product-type.application";
		};
/* End PBXNativeTarget section */

/* Begin PBXProject section */
		63C377B41DE20D3900583E3E /* Project object */ = {
			isa = PBXProject;
			attributes = {
				LastSwiftUpdateCheck = 0800;
				LastUpgradeCheck = 0800;
				ORGANIZATIONNAME = example;
				TargetAttributes = {
					63C377BB1DE20D3900583E3E = {
						CreatedOnToolsVersion = 8.0;
						LastSwiftMigration = 0820;
						ProvisioningStyle = Manual;
						SystemCapabilities = {
							com.apple.InAppPurchase = {
								enabled = 0;
							};
						};
					};
				};
			};
			buildConfigurationList = 63C377B71DE20D3900583E3E /* Build configuration list for PBXProject "RewardSampleForSwift" */;
			compatibilityVersion = "Xcode 3.2";
			developmentRegion = English;
			hasScannedForEncodings = 0;
			knownRegions = (
				en,
				Base,
			);
			mainGroup = 63C377B31DE20D3900583E3E;
			productRefGroup = 63C377BD1DE20D3900583E3E /* Products */;
			projectDirPath = "";
			projectRoot = "";
			targets = (
				63C377BB1DE20D3900583E3E /* RewardSampleForSwift */,
			);
		};
/* End PBXProject section */

/* Begin PBXResourcesBuildPhase section */
		63C377BA1DE20D3900583E3E /* Resources */ = {
			isa = PBXResourcesBuildPhase;
			buildActionMask = 2147483647;
			files = (
				DD53D3311E1D4E050053DC99 /* invisible.mp3 in Resources */,
				63C377CA1DE20D3900583E3E /* LaunchScreen.storyboard in Resources */,
				63C377C71DE20D3900583E3E /* Assets.xcassets in Resources */,
				EF3BD8C21DE3E72000841B08 /* Main.storyboard in Resources */,
			);
			runOnlyForDeploymentPostprocessing = 0;
		};
/* End PBXResourcesBuildPhase section */

/* Begin PBXSourcesBuildPhase section */
		63C377B81DE20D3900583E3E /* Sources */ = {
			isa = PBXSourcesBuildPhase;
			buildActionMask = 2147483647;
			files = (
				63C377C21DE20D3900583E3E /* ViewController.swift in Sources */,
				63C377C01DE20D3900583E3E /* AppDelegate.swift in Sources */,
				63C377D41DE20FDB00583E3E /* VideoSingleViewController.swift in Sources */,
				63C377D81DE2102400583E3E /* InfoViewController.swift in Sources */,
				EF3BD8BF1DE3E6F400841B08 /* BorderButton.swift in Sources */,
			);
			runOnlyForDeploymentPostprocessing = 0;
		};
/* End PBXSourcesBuildPhase section */

/* Begin PBXVariantGroup section */
		63C377C81DE20D3900583E3E /* LaunchScreen.storyboard */ = {
			isa = PBXVariantGroup;
			children = (
				63C377C91DE20D3900583E3E /* Base */,
				DD53D3301E1D463E0053DC99 /* ja */,
			);
			name = LaunchScreen.storyboard;
			sourceTree = "<group>";
		};
		EF3BD8C01DE3E72000841B08 /* Main.storyboard */ = {
			isa = PBXVariantGroup;
			children = (
				EF3BD8C11DE3E72000841B08 /* Base */,
				DD53D32F1E1D463E0053DC99 /* ja */,
			);
			name = Main.storyboard;
			sourceTree = "<group>";
		};
/* End PBXVariantGroup section */

/* Begin XCBuildConfiguration section */
		63C377CC1DE20D3900583E3E /* Debug */ = {
			isa = XCBuildConfiguration;
			buildSettings = {
				ALWAYS_SEARCH_USER_PATHS = NO;
				CLANG_ANALYZER_LOCALIZABILITY_NONLOCALIZED = YES;
				CLANG_ANALYZER_NONNULL = YES;
				CLANG_CXX_LANGUAGE_STANDARD = "gnu++0x";
				CLANG_CXX_LIBRARY = "libc++";
				CLANG_ENABLE_MODULES = YES;
				CLANG_ENABLE_OBJC_ARC = YES;
				CLANG_WARN_BOOL_CONVERSION = YES;
				CLANG_WARN_CONSTANT_CONVERSION = YES;
				CLANG_WARN_DIRECT_OBJC_ISA_USAGE = YES_ERROR;
				CLANG_WARN_DOCUMENTATION_COMMENTS = YES;
				CLANG_WARN_EMPTY_BODY = YES;
				CLANG_WARN_ENUM_CONVERSION = YES;
				CLANG_WARN_INFINITE_RECURSION = YES;
				CLANG_WARN_INT_CONVERSION = YES;
				CLANG_WARN_OBJC_ROOT_CLASS = YES_ERROR;
				CLANG_WARN_SUSPICIOUS_MOVES = YES;
				CLANG_WARN_UNREACHABLE_CODE = YES;
				CLANG_WARN__DUPLICATE_METHOD_MATCH = YES;
				"CODE_SIGN_IDENTITY[sdk=iphoneos*]" = "";
				COPY_PHASE_STRIP = NO;
				DEBUG_INFORMATION_FORMAT = dwarf;
				ENABLE_BITCODE = YES;
				ENABLE_STRICT_OBJC_MSGSEND = YES;
				ENABLE_TESTABILITY = YES;
				GCC_C_LANGUAGE_STANDARD = gnu99;
				GCC_DYNAMIC_NO_PIC = NO;
				GCC_NO_COMMON_BLOCKS = YES;
				GCC_OPTIMIZATION_LEVEL = 0;
				GCC_PREPROCESSOR_DEFINITIONS = (
					"DEBUG=1",
					"$(inherited)",
				);
				GCC_WARN_64_TO_32_BIT_CONVERSION = YES;
				GCC_WARN_ABOUT_RETURN_TYPE = YES_ERROR;
				GCC_WARN_UNDECLARED_SELECTOR = YES;
				GCC_WARN_UNINITIALIZED_AUTOS = YES_AGGRESSIVE;
				GCC_WARN_UNUSED_FUNCTION = YES;
				GCC_WARN_UNUSED_VARIABLE = YES;
				IPHONEOS_DEPLOYMENT_TARGET = 8.0;
				MTL_ENABLE_DEBUG_INFO = YES;
				ONLY_ACTIVE_ARCH = YES;
				SDKROOT = iphoneos;
				SWIFT_ACTIVE_COMPILATION_CONDITIONS = DEBUG;
				SWIFT_OPTIMIZATION_LEVEL = "-Onone";
				TARGETED_DEVICE_FAMILY = "1,2";
			};
			name = Debug;
		};
		63C377CD1DE20D3900583E3E /* Release */ = {
			isa = XCBuildConfiguration;
			buildSettings = {
				ALWAYS_SEARCH_USER_PATHS = NO;
				CLANG_ANALYZER_LOCALIZABILITY_NONLOCALIZED = YES;
				CLANG_ANALYZER_NONNULL = YES;
				CLANG_CXX_LANGUAGE_STANDARD = "gnu++0x";
				CLANG_CXX_LIBRARY = "libc++";
				CLANG_ENABLE_MODULES = YES;
				CLANG_ENABLE_OBJC_ARC = YES;
				CLANG_WARN_BOOL_CONVERSION = YES;
				CLANG_WARN_CONSTANT_CONVERSION = YES;
				CLANG_WARN_DIRECT_OBJC_ISA_USAGE = YES_ERROR;
				CLANG_WARN_DOCUMENTATION_COMMENTS = YES;
				CLANG_WARN_EMPTY_BODY = YES;
				CLANG_WARN_ENUM_CONVERSION = YES;
				CLANG_WARN_INFINITE_RECURSION = YES;
				CLANG_WARN_INT_CONVERSION = YES;
				CLANG_WARN_OBJC_ROOT_CLASS = YES_ERROR;
				CLANG_WARN_SUSPICIOUS_MOVES = YES;
				CLANG_WARN_UNREACHABLE_CODE = YES;
				CLANG_WARN__DUPLICATE_METHOD_MATCH = YES;
				"CODE_SIGN_IDENTITY[sdk=iphoneos*]" = "";
				COPY_PHASE_STRIP = NO;
				DEBUG_INFORMATION_FORMAT = "dwarf-with-dsym";
				ENABLE_BITCODE = YES;
				ENABLE_NS_ASSERTIONS = NO;
				ENABLE_STRICT_OBJC_MSGSEND = YES;
				GCC_C_LANGUAGE_STANDARD = gnu99;
				GCC_NO_COMMON_BLOCKS = YES;
				GCC_WARN_64_TO_32_BIT_CONVERSION = YES;
				GCC_WARN_ABOUT_RETURN_TYPE = YES_ERROR;
				GCC_WARN_UNDECLARED_SELECTOR = YES;
				GCC_WARN_UNINITIALIZED_AUTOS = YES_AGGRESSIVE;
				GCC_WARN_UNUSED_FUNCTION = YES;
				GCC_WARN_UNUSED_VARIABLE = YES;
				IPHONEOS_DEPLOYMENT_TARGET = 8.0;
				MTL_ENABLE_DEBUG_INFO = NO;
				SDKROOT = iphoneos;
				SWIFT_OPTIMIZATION_LEVEL = "-Owholemodule";
				TARGETED_DEVICE_FAMILY = "1,2";
				VALIDATE_PRODUCT = YES;
			};
			name = Release;
		};
		63C377CF1DE20D3900583E3E /* Debug */ = {
			isa = XCBuildConfiguration;
			buildSettings = {
				ASSETCATALOG_COMPILER_APPICON_NAME = AppIcon;
				CODE_SIGN_IDENTITY = "";
				"CODE_SIGN_IDENTITY[sdk=iphoneos*]" = "";
				DEVELOPMENT_TEAM = "";
				ENABLE_BITCODE = NO;
				FRAMEWORK_SEARCH_PATHS = (
					"$(inherited)",
					"$(PROJECT_DIR)/RewardSampleForSwift/sdk",
					"$(PROJECT_DIR)",
				);
				INFOPLIST_FILE = RewardSampleForSwift/Info.plist;
				IPHONEOS_DEPLOYMENT_TARGET = 8.0;
				LD_RUNPATH_SEARCH_PATHS = "$(inherited) @executable_path/Frameworks";
				LIBRARY_SEARCH_PATHS = (
					"$(inherited)",
					"$(PROJECT_DIR)/RewardSampleForSwift/sdk",
				);
				OTHER_LDFLAGS = "-ObjC";
				OTHER_LIBTOOLFLAGS = "";
				PRODUCT_BUNDLE_IDENTIFIER = jp.supership.vamp.sample;
				PRODUCT_NAME = "$(TARGET_NAME)";
				PROVISIONING_PROFILE = "";
				PROVISIONING_PROFILE_SPECIFIER = "";
				SWIFT_OBJC_BRIDGING_HEADER = "RewardSampleForSwift-Bridging-Header.h";
				SWIFT_VERSION = 3.0;
			};
			name = Debug;
		};
		63C377D01DE20D3900583E3E /* Release */ = {
			isa = XCBuildConfiguration;
			buildSettings = {
				ASSETCATALOG_COMPILER_APPICON_NAME = AppIcon;
				CODE_SIGN_IDENTITY = "";
				"CODE_SIGN_IDENTITY[sdk=iphoneos*]" = "";
				DEVELOPMENT_TEAM = "";
				ENABLE_BITCODE = NO;
				FRAMEWORK_SEARCH_PATHS = (
					"$(inherited)",
					"$(PROJECT_DIR)/RewardSampleForSwift/sdk",
					"$(PROJECT_DIR)",
				);
				INFOPLIST_FILE = RewardSampleForSwift/Info.plist;
				IPHONEOS_DEPLOYMENT_TARGET = 8.0;
				LD_RUNPATH_SEARCH_PATHS = "$(inherited) @executable_path/Frameworks";
				LIBRARY_SEARCH_PATHS = (
					"$(inherited)",
					"$(PROJECT_DIR)/RewardSampleForSwift/sdk",
				);
				OTHER_LDFLAGS = "-ObjC";
				OTHER_LIBTOOLFLAGS = "";
				PRODUCT_BUNDLE_IDENTIFIER = jp.supership.vamp.sample;
				PRODUCT_NAME = "$(TARGET_NAME)";
				PROVISIONING_PROFILE = "";
				PROVISIONING_PROFILE_SPECIFIER = "";
				SWIFT_OBJC_BRIDGING_HEADER = "RewardSampleForSwift-Bridging-Header.h";
				SWIFT_VERSION = 3.0;
			};
			name = Release;
		};
/* End XCBuildConfiguration section */

/* Begin XCConfigurationList section */
		63C377B71DE20D3900583E3E /* Build configuration list for PBXProject "RewardSampleForSwift" */ = {
			isa = XCConfigurationList;
			buildConfigurations = (
				63C377CC1DE20D3900583E3E /* Debug */,
				63C377CD1DE20D3900583E3E /* Release */,
			);
			defaultConfigurationIsVisible = 0;
			defaultConfigurationName = Release;
		};
		63C377CE1DE20D3900583E3E /* Build configuration list for PBXNativeTarget "RewardSampleForSwift" */ = {
			isa = XCConfigurationList;
			buildConfigurations = (
				63C377CF1DE20D3900583E3E /* Debug */,
				63C377D01DE20D3900583E3E /* Release */,
			);
			defaultConfigurationIsVisible = 0;
			defaultConfigurationName = Release;
		};
/* End XCConfigurationList section */
	};
	rootObject = 63C377B41DE20D3900583E3E /* Project object */;
}
