// !$*UTF8*$!
{
	archiveVersion = 1;
	classes = {
	};
	objectVersion = 50;
	objects = {

/* Begin PBXBuildFile section */
		5E68038822646E200032924C /* AppDelegate.m in Sources */ = {isa = PBXBuildFile; fileRef = 5E68038722646E200032924C /* AppDelegate.m */; };
		5E68038B22646E200032924C /* ViewController.m in Sources */ = {isa = PBXBuildFile; fileRef = 5E68038A22646E200032924C /* ViewController.m */; };
		5E68038E22646E200032924C /* Main.storyboard in Resources */ = {isa = PBXBuildFile; fileRef = 5E68038C22646E200032924C /* Main.storyboard */; };
		5E68039022646E210032924C /* Assets.xcassets in Resources */ = {isa = PBXBuildFile; fileRef = 5E68038F22646E210032924C /* Assets.xcassets */; };
		5E68039322646E210032924C /* LaunchScreen.storyboard in Resources */ = {isa = PBXBuildFile; fileRef = 5E68039122646E210032924C /* LaunchScreen.storyboard */; };
		5E68039622646E210032924C /* main.m in Sources */ = {isa = PBXBuildFile; fileRef = 5E68039522646E210032924C /* main.m */; };
		5E68039E226471800032924C /* Ad1ViewController.m in Sources */ = {isa = PBXBuildFile; fileRef = 5E68039D226471800032924C /* Ad1ViewController.m */; };
		5E6803A1226471880032924C /* Ad2ViewController.m in Sources */ = {isa = PBXBuildFile; fileRef = 5E6803A0226471880032924C /* Ad2ViewController.m */; };
		5E6803D422647FB60032924C /* invisible.mp3 in Resources */ = {isa = PBXBuildFile; fileRef = 5E6803D322647FB60032924C /* invisible.mp3 */; };
		5E6803D92264802D0032924C /* soundon@3x.png in Resources */ = {isa = PBXBuildFile; fileRef = 5E6803D52264802D0032924C /* soundon@3x.png */; };
		5E6803DA2264802D0032924C /* soundon@2x.png in Resources */ = {isa = PBXBuildFile; fileRef = 5E6803D62264802D0032924C /* soundon@2x.png */; };
		5E6803DB2264802D0032924C /* soundoff@3x.png in Resources */ = {isa = PBXBuildFile; fileRef = 5E6803D72264802D0032924C /* soundoff@3x.png */; };
		5E6803DC2264802D0032924C /* soundoff@2x.png in Resources */ = {isa = PBXBuildFile; fileRef = 5E6803D82264802D0032924C /* soundoff@2x.png */; };
		831C74C5251463C700089739 /* libbz2.tbd in Frameworks */ = {isa = PBXBuildFile; fileRef = 831C74C4251463BE00089739 /* libbz2.tbd */; };
		8327357724C57FB2008256BF /* AVKit.framework in Frameworks */ = {isa = PBXBuildFile; fileRef = 8327357624C57FB2008256BF /* AVKit.framework */; };
		83DD25BA24064D3C00CD39A0 /* libresolv.9.tbd in Frameworks */ = {isa = PBXBuildFile; fileRef = 83DD25B924064D3400CD39A0 /* libresolv.9.tbd */; };
		83DD25BC24064D4100CD39A0 /* Accelerate.framework in Frameworks */ = {isa = PBXBuildFile; fileRef = 83DD25BB24064D4100CD39A0 /* Accelerate.framework */; };
/* End PBXBuildFile section */

/* Begin PBXCopyFilesBuildPhase section */
		5E6803D12264793D0032924C /* Embed Frameworks */ = {
			isa = PBXCopyFilesBuildPhase;
			buildActionMask = 2147483647;
			dstPath = "";
			dstSubfolderSpec = 10;
			files = (
			);
			name = "Embed Frameworks";
			runOnlyForDeploymentPostprocessing = 0;
		};
/* End PBXCopyFilesBuildPhase section */

/* Begin PBXFileReference section */
		5E68038322646E200032924C /* VAMPObjCSample.app */ = {isa = PBXFileReference; explicitFileType = wrapper.application; includeInIndex = 0; path = VAMPObjCSample.app; sourceTree = BUILT_PRODUCTS_DIR; };
		5E68038622646E200032924C /* AppDelegate.h */ = {isa = PBXFileReference; lastKnownFileType = sourcecode.c.h; path = AppDelegate.h; sourceTree = "<group>"; };
		5E68038722646E200032924C /* AppDelegate.m */ = {isa = PBXFileReference; lastKnownFileType = sourcecode.c.objc; path = AppDelegate.m; sourceTree = "<group>"; };
		5E68038922646E200032924C /* ViewController.h */ = {isa = PBXFileReference; lastKnownFileType = sourcecode.c.h; path = ViewController.h; sourceTree = "<group>"; };
		5E68038A22646E200032924C /* ViewController.m */ = {isa = PBXFileReference; lastKnownFileType = sourcecode.c.objc; path = ViewController.m; sourceTree = "<group>"; };
		5E68038D22646E200032924C /* Base */ = {isa = PBXFileReference; lastKnownFileType = file.storyboard; name = Base; path = Base.lproj/Main.storyboard; sourceTree = "<group>"; };
		5E68038F22646E210032924C /* Assets.xcassets */ = {isa = PBXFileReference; lastKnownFileType = folder.assetcatalog; path = Assets.xcassets; sourceTree = "<group>"; };
		5E68039222646E210032924C /* Base */ = {isa = PBXFileReference; lastKnownFileType = file.storyboard; name = Base; path = Base.lproj/LaunchScreen.storyboard; sourceTree = "<group>"; };
		5E68039422646E210032924C /* Info.plist */ = {isa = PBXFileReference; lastKnownFileType = text.plist.xml; path = Info.plist; sourceTree = "<group>"; };
		5E68039522646E210032924C /* main.m */ = {isa = PBXFileReference; lastKnownFileType = sourcecode.c.objc; path = main.m; sourceTree = "<group>"; };
		5E68039C226471800032924C /* Ad1ViewController.h */ = {isa = PBXFileReference; lastKnownFileType = sourcecode.c.h; path = Ad1ViewController.h; sourceTree = "<group>"; };
		5E68039D226471800032924C /* Ad1ViewController.m */ = {isa = PBXFileReference; lastKnownFileType = sourcecode.c.objc; path = Ad1ViewController.m; sourceTree = "<group>"; };
		5E68039F226471880032924C /* Ad2ViewController.h */ = {isa = PBXFileReference; lastKnownFileType = sourcecode.c.h; path = Ad2ViewController.h; sourceTree = "<group>"; };
		5E6803A0226471880032924C /* Ad2ViewController.m */ = {isa = PBXFileReference; lastKnownFileType = sourcecode.c.objc; path = Ad2ViewController.m; sourceTree = "<group>"; };
		5E6803D322647FB60032924C /* invisible.mp3 */ = {isa = PBXFileReference; lastKnownFileType = audio.mp3; path = invisible.mp3; sourceTree = "<group>"; };
		5E6803D52264802D0032924C /* soundon@3x.png */ = {isa = PBXFileReference; lastKnownFileType = image.png; path = "soundon@3x.png"; sourceTree = "<group>"; };
		5E6803D62264802D0032924C /* soundon@2x.png */ = {isa = PBXFileReference; lastKnownFileType = image.png; path = "soundon@2x.png"; sourceTree = "<group>"; };
		5E6803D72264802D0032924C /* soundoff@3x.png */ = {isa = PBXFileReference; lastKnownFileType = image.png; path = "soundoff@3x.png"; sourceTree = "<group>"; };
		5E6803D82264802D0032924C /* soundoff@2x.png */ = {isa = PBXFileReference; lastKnownFileType = image.png; path = "soundoff@2x.png"; sourceTree = "<group>"; };
		831C74C4251463BE00089739 /* libbz2.tbd */ = {isa = PBXFileReference; lastKnownFileType = "sourcecode.text-based-dylib-definition"; name = libbz2.tbd; path = usr/lib/libbz2.tbd; sourceTree = SDKROOT; };
		8327357624C57FB2008256BF /* AVKit.framework */ = {isa = PBXFileReference; lastKnownFileType = wrapper.framework; name = AVKit.framework; path = System/Library/Frameworks/AVKit.framework; sourceTree = SDKROOT; };
		83DD25B924064D3400CD39A0 /* libresolv.9.tbd */ = {isa = PBXFileReference; lastKnownFileType = "sourcecode.text-based-dylib-definition"; name = libresolv.9.tbd; path = usr/lib/libresolv.9.tbd; sourceTree = SDKROOT; };
		83DD25BB24064D4100CD39A0 /* Accelerate.framework */ = {isa = PBXFileReference; lastKnownFileType = wrapper.framework; name = Accelerate.framework; path = System/Library/Frameworks/Accelerate.framework; sourceTree = SDKROOT; };
/* End PBXFileReference section */

/* Begin PBXFrameworksBuildPhase section */
		5E68038022646E200032924C /* Frameworks */ = {
			isa = PBXFrameworksBuildPhase;
			buildActionMask = 2147483647;
			files = (
				83DD25BA24064D3C00CD39A0 /* libresolv.9.tbd in Frameworks */,
				83DD25BC24064D4100CD39A0 /* Accelerate.framework in Frameworks */,
				8327357724C57FB2008256BF /* AVKit.framework in Frameworks */,
				831C74C5251463C700089739 /* libbz2.tbd in Frameworks */,
			);
			runOnlyForDeploymentPostprocessing = 0;
		};
/* End PBXFrameworksBuildPhase section */

/* Begin PBXGroup section */
		5E68037A22646E200032924C = {
			isa = PBXGroup;
			children = (
				5E68038522646E200032924C /* VAMPObjCSample */,
				5E68038422646E200032924C /* Products */,
				83DD25B824064D3400CD39A0 /* Frameworks */,
			);
			sourceTree = "<group>";
		};
		5E68038422646E200032924C /* Products */ = {
			isa = PBXGroup;
			children = (
				5E68038322646E200032924C /* VAMPObjCSample.app */,
			);
			name = Products;
			sourceTree = "<group>";
		};
		5E68038522646E200032924C /* VAMPObjCSample */ = {
			isa = PBXGroup;
			children = (
				5E68039C226471800032924C /* Ad1ViewController.h */,
				5E68039D226471800032924C /* Ad1ViewController.m */,
				5E68039F226471880032924C /* Ad2ViewController.h */,
				5E6803A0226471880032924C /* Ad2ViewController.m */,
				5E68038622646E200032924C /* AppDelegate.h */,
				5E68038722646E200032924C /* AppDelegate.m */,
				5E68038F22646E210032924C /* Assets.xcassets */,
				5E68039422646E210032924C /* Info.plist */,
				5E68039122646E210032924C /* LaunchScreen.storyboard */,
				5E68039522646E210032924C /* main.m */,
				5E68038C22646E200032924C /* Main.storyboard */,
				5E6803D222647FA60032924C /* Resources */,
				5E6803A2226474AB0032924C /* SDK */,
				5E68038922646E200032924C /* ViewController.h */,
				5E68038A22646E200032924C /* ViewController.m */,
			);
			path = VAMPObjCSample;
			sourceTree = "<group>";
		};
		5E6803A2226474AB0032924C /* SDK */ = {
			isa = PBXGroup;
			children = (
			);
			path = SDK;
			sourceTree = "<group>";
		};
		5E6803D222647FA60032924C /* Resources */ = {
			isa = PBXGroup;
			children = (
				5E6803D322647FB60032924C /* invisible.mp3 */,
				5E6803D82264802D0032924C /* soundoff@2x.png */,
				5E6803D72264802D0032924C /* soundoff@3x.png */,
				5E6803D62264802D0032924C /* soundon@2x.png */,
				5E6803D52264802D0032924C /* soundon@3x.png */,
			);
			path = Resources;
			sourceTree = "<group>";
		};
		83DD25B824064D3400CD39A0 /* Frameworks */ = {
			isa = PBXGroup;
			children = (
				831C74C4251463BE00089739 /* libbz2.tbd */,
				8327357624C57FB2008256BF /* AVKit.framework */,
				83DD25BB24064D4100CD39A0 /* Accelerate.framework */,
				83DD25B924064D3400CD39A0 /* libresolv.9.tbd */,
			);
			name = Frameworks;
			sourceTree = "<group>";
		};
/* End PBXGroup section */

/* Begin PBXNativeTarget section */
		5E68038222646E200032924C /* VAMPObjCSample */ = {
			isa = PBXNativeTarget;
			buildConfigurationList = 5E68039922646E210032924C /* Build configuration list for PBXNativeTarget "VAMPObjCSample" */;
			buildPhases = (
				5E68037F22646E200032924C /* Sources */,
				5E68038022646E200032924C /* Frameworks */,
				5E68038122646E200032924C /* Resources */,
				5E6803D12264793D0032924C /* Embed Frameworks */,
			);
			buildRules = (
			);
			dependencies = (
			);
			name = VAMPObjCSample;
			productName = VAMPObjCSample;
			productReference = 5E68038322646E200032924C /* VAMPObjCSample.app */;
			productType = "com.apple.product-type.application";
		};
/* End PBXNativeTarget section */

/* Begin PBXProject section */
		5E68037B22646E200032924C /* Project object */ = {
			isa = PBXProject;
			attributes = {
				LastUpgradeCheck = 1010;
				ORGANIZATIONNAME = "Supership Inc";
				TargetAttributes = {
					5E68038222646E200032924C = {
						CreatedOnToolsVersion = 10.1;
					};
				};
			};
			buildConfigurationList = 5E68037E22646E200032924C /* Build configuration list for PBXProject "VAMPObjCSample" */;
			compatibilityVersion = "Xcode 9.3";
			developmentRegion = en;
			hasScannedForEncodings = 0;
			knownRegions = (
				en,
				Base,
			);
			mainGroup = 5E68037A22646E200032924C;
			productRefGroup = 5E68038422646E200032924C /* Products */;
			projectDirPath = "";
			projectRoot = "";
			targets = (
				5E68038222646E200032924C /* VAMPObjCSample */,
			);
		};
/* End PBXProject section */

/* Begin PBXResourcesBuildPhase section */
		5E68038122646E200032924C /* Resources */ = {
			isa = PBXResourcesBuildPhase;
			buildActionMask = 2147483647;
			files = (
				5E68039322646E210032924C /* LaunchScreen.storyboard in Resources */,
				5E6803D92264802D0032924C /* soundon@3x.png in Resources */,
				5E6803DB2264802D0032924C /* soundoff@3x.png in Resources */,
				5E6803D422647FB60032924C /* invisible.mp3 in Resources */,
				5E68039022646E210032924C /* Assets.xcassets in Resources */,
				5E68038E22646E200032924C /* Main.storyboard in Resources */,
				5E6803DC2264802D0032924C /* soundoff@2x.png in Resources */,
				5E6803DA2264802D0032924C /* soundon@2x.png in Resources */,
			);
			runOnlyForDeploymentPostprocessing = 0;
		};
/* End PBXResourcesBuildPhase section */

/* Begin PBXSourcesBuildPhase section */
		5E68037F22646E200032924C /* Sources */ = {
			isa = PBXSourcesBuildPhase;
			buildActionMask = 2147483647;
			files = (
				5E68038B22646E200032924C /* ViewController.m in Sources */,
				5E6803A1226471880032924C /* Ad2ViewController.m in Sources */,
				5E68039622646E210032924C /* main.m in Sources */,
				5E68038822646E200032924C /* AppDelegate.m in Sources */,
				5E68039E226471800032924C /* Ad1ViewController.m in Sources */,
			);
			runOnlyForDeploymentPostprocessing = 0;
		};
/* End PBXSourcesBuildPhase section */

/* Begin PBXVariantGroup section */
		5E68038C22646E200032924C /* Main.storyboard */ = {
			isa = PBXVariantGroup;
			children = (
				5E68038D22646E200032924C /* Base */,
			);
			name = Main.storyboard;
			sourceTree = "<group>";
		};
		5E68039122646E210032924C /* LaunchScreen.storyboard */ = {
			isa = PBXVariantGroup;
			children = (
				5E68039222646E210032924C /* Base */,
			);
			name = LaunchScreen.storyboard;
			sourceTree = "<group>";
		};
/* End PBXVariantGroup section */

/* Begin XCBuildConfiguration section */
		5E68039722646E210032924C /* Debug */ = {
			isa = XCBuildConfiguration;
			buildSettings = {
				ALWAYS_SEARCH_USER_PATHS = NO;
				CLANG_ANALYZER_NONNULL = YES;
				CLANG_ANALYZER_NUMBER_OBJECT_CONVERSION = YES_AGGRESSIVE;
				CLANG_CXX_LANGUAGE_STANDARD = "gnu++14";
				CLANG_CXX_LIBRARY = "libc++";
				CLANG_ENABLE_MODULES = YES;
				CLANG_ENABLE_OBJC_ARC = YES;
				CLANG_ENABLE_OBJC_WEAK = YES;
				CLANG_WARN_BLOCK_CAPTURE_AUTORELEASING = YES;
				CLANG_WARN_BOOL_CONVERSION = YES;
				CLANG_WARN_COMMA = YES;
				CLANG_WARN_CONSTANT_CONVERSION = YES;
				CLANG_WARN_DEPRECATED_OBJC_IMPLEMENTATIONS = YES;
				CLANG_WARN_DIRECT_OBJC_ISA_USAGE = YES_ERROR;
				CLANG_WARN_DOCUMENTATION_COMMENTS = YES;
				CLANG_WARN_EMPTY_BODY = YES;
				CLANG_WARN_ENUM_CONVERSION = YES;
				CLANG_WARN_INFINITE_RECURSION = YES;
				CLANG_WARN_INT_CONVERSION = YES;
				CLANG_WARN_NON_LITERAL_NULL_CONVERSION = YES;
				CLANG_WARN_OBJC_IMPLICIT_RETAIN_SELF = YES;
				CLANG_WARN_OBJC_LITERAL_CONVERSION = YES;
				CLANG_WARN_OBJC_ROOT_CLASS = YES_ERROR;
				CLANG_WARN_RANGE_LOOP_ANALYSIS = YES;
				CLANG_WARN_STRICT_PROTOTYPES = YES;
				CLANG_WARN_SUSPICIOUS_MOVE = YES;
				CLANG_WARN_UNGUARDED_AVAILABILITY = YES_AGGRESSIVE;
				CLANG_WARN_UNREACHABLE_CODE = YES;
				CLANG_WARN__DUPLICATE_METHOD_MATCH = YES;
				CODE_SIGN_IDENTITY = "iPhone Developer";
				COPY_PHASE_STRIP = NO;
				DEBUG_INFORMATION_FORMAT = dwarf;
				ENABLE_STRICT_OBJC_MSGSEND = YES;
				ENABLE_TESTABILITY = YES;
				GCC_C_LANGUAGE_STANDARD = gnu11;
				GCC_DYNAMIC_NO_PIC = NO;
				GCC_NO_COMMON_BLOCKS = YES;
				GCC_OPTIMIZATION_LEVEL = 0;
				GCC_PREPROCESSOR_DEFINITIONS = (
					"DEBUG=1",
					"$(inherited)",
				);
				GCC_WARN_64_TO_32_BIT_CONVERSION = YES;
				GCC_WARN_ABOUT_RETURN_TYPE = YES_ERROR;
				GCC_WARN_UNDECLARED_SELECTOR = YES;
				GCC_WARN_UNINITIALIZED_AUTOS = YES_AGGRESSIVE;
				GCC_WARN_UNUSED_FUNCTION = YES;
				GCC_WARN_UNUSED_VARIABLE = YES;
				IPHONEOS_DEPLOYMENT_TARGET = 9.3;
				MTL_ENABLE_DEBUG_INFO = INCLUDE_SOURCE;
				MTL_FAST_MATH = YES;
				ONLY_ACTIVE_ARCH = YES;
				OTHER_LDFLAGS = "";
				SDKROOT = iphoneos;
			};
			name = Debug;
		};
		5E68039822646E210032924C /* Release */ = {
			isa = XCBuildConfiguration;
			buildSettings = {
				ALWAYS_SEARCH_USER_PATHS = NO;
				CLANG_ANALYZER_NONNULL = YES;
				CLANG_ANALYZER_NUMBER_OBJECT_CONVERSION = YES_AGGRESSIVE;
				CLANG_CXX_LANGUAGE_STANDARD = "gnu++14";
				CLANG_CXX_LIBRARY = "libc++";
				CLANG_ENABLE_MODULES = YES;
				CLANG_ENABLE_OBJC_ARC = YES;
				CLANG_ENABLE_OBJC_WEAK = YES;
				CLANG_WARN_BLOCK_CAPTURE_AUTORELEASING = YES;
				CLANG_WARN_BOOL_CONVERSION = YES;
				CLANG_WARN_COMMA = YES;
				CLANG_WARN_CONSTANT_CONVERSION = YES;
				CLANG_WARN_DEPRECATED_OBJC_IMPLEMENTATIONS = YES;
				CLANG_WARN_DIRECT_OBJC_ISA_USAGE = YES_ERROR;
				CLANG_WARN_DOCUMENTATION_COMMENTS = YES;
				CLANG_WARN_EMPTY_BODY = YES;
				CLANG_WARN_ENUM_CONVERSION = YES;
				CLANG_WARN_INFINITE_RECURSION = YES;
				CLANG_WARN_INT_CONVERSION = YES;
				CLANG_WARN_NON_LITERAL_NULL_CONVERSION = YES;
				CLANG_WARN_OBJC_IMPLICIT_RETAIN_SELF = YES;
				CLANG_WARN_OBJC_LITERAL_CONVERSION = YES;
				CLANG_WARN_OBJC_ROOT_CLASS = YES_ERROR;
				CLANG_WARN_RANGE_LOOP_ANALYSIS = YES;
				CLANG_WARN_STRICT_PROTOTYPES = YES;
				CLANG_WARN_SUSPICIOUS_MOVE = YES;
				CLANG_WARN_UNGUARDED_AVAILABILITY = YES_AGGRESSIVE;
				CLANG_WARN_UNREACHABLE_CODE = YES;
				CLANG_WARN__DUPLICATE_METHOD_MATCH = YES;
				CODE_SIGN_IDENTITY = "iPhone Developer";
				COPY_PHASE_STRIP = NO;
				DEBUG_INFORMATION_FORMAT = "dwarf-with-dsym";
				ENABLE_NS_ASSERTIONS = NO;
				ENABLE_STRICT_OBJC_MSGSEND = YES;
				GCC_C_LANGUAGE_STANDARD = gnu11;
				GCC_NO_COMMON_BLOCKS = YES;
				GCC_WARN_64_TO_32_BIT_CONVERSION = YES;
				GCC_WARN_ABOUT_RETURN_TYPE = YES_ERROR;
				GCC_WARN_UNDECLARED_SELECTOR = YES;
				GCC_WARN_UNINITIALIZED_AUTOS = YES_AGGRESSIVE;
				GCC_WARN_UNUSED_FUNCTION = YES;
				GCC_WARN_UNUSED_VARIABLE = YES;
				IPHONEOS_DEPLOYMENT_TARGET = 9.3;
				MTL_ENABLE_DEBUG_INFO = NO;
				MTL_FAST_MATH = YES;
				OTHER_LDFLAGS = "";
				SDKROOT = iphoneos;
				VALIDATE_PRODUCT = YES;
			};
			name = Release;
		};
		5E68039A22646E210032924C /* Debug */ = {
			isa = XCBuildConfiguration;
			buildSettings = {
				ASSETCATALOG_COMPILER_APPICON_NAME = AppIcon;
				CODE_SIGN_STYLE = Automatic;
				DEVELOPMENT_TEAM = "";
				FRAMEWORK_SEARCH_PATHS = "$(inherited)";
				INFOPLIST_FILE = VAMPObjCSample/Info.plist;
				LD_RUNPATH_SEARCH_PATHS = (
					"$(inherited)",
					"@executable_path/Frameworks",
				);
				OTHER_LDFLAGS = (
					"-ObjC",
					"$(inherited)",
				);
				PRODUCT_BUNDLE_IDENTIFIER = jp.supership.VAMPObjCSample;
				PRODUCT_NAME = "$(TARGET_NAME)";
				SYSTEM_FRAMEWORK_SEARCH_PATHS = "$(inherited)";
				TARGETED_DEVICE_FAMILY = "1,2";
			};
			name = Debug;
		};
		5E68039B22646E210032924C /* Release */ = {
			isa = XCBuildConfiguration;
			buildSettings = {
				ASSETCATALOG_COMPILER_APPICON_NAME = AppIcon;
				CODE_SIGN_STYLE = Automatic;
				DEVELOPMENT_TEAM = "";
				FRAMEWORK_SEARCH_PATHS = "$(inherited)";
				INFOPLIST_FILE = VAMPObjCSample/Info.plist;
				LD_RUNPATH_SEARCH_PATHS = (
					"$(inherited)",
					"@executable_path/Frameworks",
				);
				OTHER_LDFLAGS = (
					"-ObjC",
					"$(inherited)",
				);
				PRODUCT_BUNDLE_IDENTIFIER = jp.supership.VAMPObjCSample;
				PRODUCT_NAME = "$(TARGET_NAME)";
				SYSTEM_FRAMEWORK_SEARCH_PATHS = "$(inherited)";
				TARGETED_DEVICE_FAMILY = "1,2";
			};
			name = Release;
		};
/* End XCBuildConfiguration section */

/* Begin XCConfigurationList section */
		5E68037E22646E200032924C /* Build configuration list for PBXProject "VAMPObjCSample" */ = {
			isa = XCConfigurationList;
			buildConfigurations = (
				5E68039722646E210032924C /* Debug */,
				5E68039822646E210032924C /* Release */,
			);
			defaultConfigurationIsVisible = 0;
			defaultConfigurationName = Release;
		};
		5E68039922646E210032924C /* Build configuration list for PBXNativeTarget "VAMPObjCSample" */ = {
			isa = XCConfigurationList;
			buildConfigurations = (
				5E68039A22646E210032924C /* Debug */,
				5E68039B22646E210032924C /* Release */,
			);
			defaultConfigurationIsVisible = 0;
			defaultConfigurationName = Release;
		};
/* End XCConfigurationList section */
	};
	rootObject = 5E68037B22646E200032924C /* Project object */;
}
