// !$*UTF8*$!
{
	archiveVersion = 1;
	classes = {
	};
	objectVersion = 51;
	objects = {

/* Begin PBXBuildFile section */
		5E68038822646E200032924C /* AppDelegate.m in Sources */ = {isa = PBXBuildFile; fileRef = 5E68038722646E200032924C /* AppDelegate.m */; };
		5E68038B22646E200032924C /* ViewController.m in Sources */ = {isa = PBXBuildFile; fileRef = 5E68038A22646E200032924C /* ViewController.m */; };
		5E68038E22646E200032924C /* Main.storyboard in Resources */ = {isa = PBXBuildFile; fileRef = 5E68038C22646E200032924C /* Main.storyboard */; };
		5E68039022646E210032924C /* Assets.xcassets in Resources */ = {isa = PBXBuildFile; fileRef = 5E68038F22646E210032924C /* Assets.xcassets */; };
		5E68039322646E210032924C /* LaunchScreen.storyboard in Resources */ = {isa = PBXBuildFile; fileRef = 5E68039122646E210032924C /* LaunchScreen.storyboard */; };
		5E68039622646E210032924C /* main.m in Sources */ = {isa = PBXBuildFile; fileRef = 5E68039522646E210032924C /* main.m */; };
		5E68039E226471800032924C /* Ad1ViewController.m in Sources */ = {isa = PBXBuildFile; fileRef = 5E68039D226471800032924C /* Ad1ViewController.m */; };
		5E6803A1226471880032924C /* Ad2ViewController.m in Sources */ = {isa = PBXBuildFile; fileRef = 5E6803A0226471880032924C /* Ad2ViewController.m */; };
		5E6803D422647FB60032924C /* invisible.mp3 in Resources */ = {isa = PBXBuildFile; fileRef = 5E6803D322647FB60032924C /* invisible.mp3 */; };
		5E6803D92264802D0032924C /* soundon@3x.png in Resources */ = {isa = PBXBuildFile; fileRef = 5E6803D52264802D0032924C /* soundon@3x.png */; };
		5E6803DA2264802D0032924C /* soundon@2x.png in Resources */ = {isa = PBXBuildFile; fileRef = 5E6803D62264802D0032924C /* soundon@2x.png */; };
		5E6803DB2264802D0032924C /* soundoff@3x.png in Resources */ = {isa = PBXBuildFile; fileRef = 5E6803D72264802D0032924C /* soundoff@3x.png */; };
		5E6803DC2264802D0032924C /* soundoff@2x.png in Resources */ = {isa = PBXBuildFile; fileRef = 5E6803D82264802D0032924C /* soundoff@2x.png */; };
		6542D6042615B9DF00806E2A /* AVFoundation.framework in Frameworks */ = {isa = PBXBuildFile; fileRef = 6542D6032615B9DF00806E2A /* AVFoundation.framework */; settings = {ATTRIBUTES = (Weak, ); }; };
		83AA03DB264E6F8300DA1434 /* ARViewController.m in Sources */ = {isa = PBXBuildFile; fileRef = 83AA03DA264E6F8300DA1434 /* ARViewController.m */; };
		83AA03F9264E7B0200DA1434 /* ARKit.framework in Frameworks */ = {isa = PBXBuildFile; fileRef = 83AA03F8264E7B0200DA1434 /* ARKit.framework */; settings = {ATTRIBUTES = (Weak, ); }; };
		EB07622A4C08F6D73101772F /* Pods_VAMPObjCSample.framework in Frameworks */ = {isa = PBXBuildFile; fileRef = 9793421BBC0FD2FB8C994A10 /* Pods_VAMPObjCSample.framework */; };
/* End PBXBuildFile section */

/* Begin PBXCopyFilesBuildPhase section */
		5E6803D12264793D0032924C /* Embed Frameworks */ = {
			isa = PBXCopyFilesBuildPhase;
			buildActionMask = 2147483647;
			dstPath = "";
			dstSubfolderSpec = 10;
			files = (
			);
			name = "Embed Frameworks";
			runOnlyForDeploymentPostprocessing = 0;
		};
/* End PBXCopyFilesBuildPhase section */

/* Begin PBXFileReference section */
		5892859AFA7E925FEB06962B /* Pods-VAMPObjCSample.debug.xcconfig */ = {isa = PBXFileReference; includeInIndex = 1; lastKnownFileType = text.xcconfig; name = "Pods-VAMPObjCSample.debug.xcconfig"; path = "Target Support Files/Pods-VAMPObjCSample/Pods-VAMPObjCSample.debug.xcconfig"; sourceTree = "<group>"; };
		5E68038322646E200032924C /* VAMPObjCSample.app */ = {isa = PBXFileReference; explicitFileType = wrapper.application; includeInIndex = 0; path = VAMPObjCSample.app; sourceTree = BUILT_PRODUCTS_DIR; };
		5E68038622646E200032924C /* AppDelegate.h */ = {isa = PBXFileReference; lastKnownFileType = sourcecode.c.h; path = AppDelegate.h; sourceTree = "<group>"; };
		5E68038722646E200032924C /* AppDelegate.m */ = {isa = PBXFileReference; lastKnownFileType = sourcecode.c.objc; path = AppDelegate.m; sourceTree = "<group>"; };
		5E68038922646E200032924C /* ViewController.h */ = {isa = PBXFileReference; lastKnownFileType = sourcecode.c.h; path = ViewController.h; sourceTree = "<group>"; };
		5E68038A22646E200032924C /* ViewController.m */ = {isa = PBXFileReference; lastKnownFileType = sourcecode.c.objc; path = ViewController.m; sourceTree = "<group>"; };
		5E68038D22646E200032924C /* Base */ = {isa = PBXFileReference; lastKnownFileType = file.storyboard; name = Base; path = Base.lproj/Main.storyboard; sourceTree = "<group>"; };
		5E68038F22646E210032924C /* Assets.xcassets */ = {isa = PBXFileReference; lastKnownFileType = folder.assetcatalog; path = Assets.xcassets; sourceTree = "<group>"; };
		5E68039222646E210032924C /* Base */ = {isa = PBXFileReference; lastKnownFileType = file.storyboard; name = Base; path = Base.lproj/LaunchScreen.storyboard; sourceTree = "<group>"; };
		5E68039422646E210032924C /* Info.plist */ = {isa = PBXFileReference; lastKnownFileType = text.plist.xml; path = Info.plist; sourceTree = "<group>"; };
		5E68039522646E210032924C /* main.m */ = {isa = PBXFileReference; lastKnownFileType = sourcecode.c.objc; path = main.m; sourceTree = "<group>"; };
		5E68039C226471800032924C /* Ad1ViewController.h */ = {isa = PBXFileReference; lastKnownFileType = sourcecode.c.h; path = Ad1ViewController.h; sourceTree = "<group>"; };
		5E68039D226471800032924C /* Ad1ViewController.m */ = {isa = PBXFileReference; lastKnownFileType = sourcecode.c.objc; path = Ad1ViewController.m; sourceTree = "<group>"; };
		5E68039F226471880032924C /* Ad2ViewController.h */ = {isa = PBXFileReference; lastKnownFileType = sourcecode.c.h; path = Ad2ViewController.h; sourceTree = "<group>"; };
		5E6803A0226471880032924C /* Ad2ViewController.m */ = {isa = PBXFileReference; lastKnownFileType = sourcecode.c.objc; path = Ad2ViewController.m; sourceTree = "<group>"; };
		5E6803D322647FB60032924C /* invisible.mp3 */ = {isa = PBXFileReference; lastKnownFileType = audio.mp3; path = invisible.mp3; sourceTree = "<group>"; };
		5E6803D52264802D0032924C /* soundon@3x.png */ = {isa = PBXFileReference; lastKnownFileType = image.png; path = "soundon@3x.png"; sourceTree = "<group>"; };
		5E6803D62264802D0032924C /* soundon@2x.png */ = {isa = PBXFileReference; lastKnownFileType = image.png; path = "soundon@2x.png"; sourceTree = "<group>"; };
		5E6803D72264802D0032924C /* soundoff@3x.png */ = {isa = PBXFileReference; lastKnownFileType = image.png; path = "soundoff@3x.png"; sourceTree = "<group>"; };
		5E6803D82264802D0032924C /* soundoff@2x.png */ = {isa = PBXFileReference; lastKnownFileType = image.png; path = "soundoff@2x.png"; sourceTree = "<group>"; };
		6542D6032615B9DF00806E2A /* AVFoundation.framework */ = {isa = PBXFileReference; lastKnownFileType = wrapper.framework; name = AVFoundation.framework; path = System/Library/Frameworks/AVFoundation.framework; sourceTree = SDKROOT; };
		83AA03D9264E6F8300DA1434 /* ARViewController.h */ = {isa = PBXFileReference; lastKnownFileType = sourcecode.c.h; path = ARViewController.h; sourceTree = "<group>"; };
		83AA03DA264E6F8300DA1434 /* ARViewController.m */ = {isa = PBXFileReference; lastKnownFileType = sourcecode.c.objc; path = ARViewController.m; sourceTree = "<group>"; };
		83AA03F8264E7B0200DA1434 /* ARKit.framework */ = {isa = PBXFileReference; lastKnownFileType = wrapper.framework; name = ARKit.framework; path = System/Library/Frameworks/ARKit.framework; sourceTree = SDKROOT; };
		9793421BBC0FD2FB8C994A10 /* Pods_VAMPObjCSample.framework */ = {isa = PBXFileReference; explicitFileType = wrapper.framework; includeInIndex = 0; path = Pods_VAMPObjCSample.framework; sourceTree = BUILT_PRODUCTS_DIR; };
		9AE0279B05712BE06D8F5738 /* Pods-VAMPObjCSample.release.xcconfig */ = {isa = PBXFileReference; includeInIndex = 1; lastKnownFileType = text.xcconfig; name = "Pods-VAMPObjCSample.release.xcconfig"; path = "Target Support Files/Pods-VAMPObjCSample/Pods-VAMPObjCSample.release.xcconfig"; sourceTree = "<group>"; };
/* End PBXFileReference section */

/* Begin PBXFrameworksBuildPhase section */
		5E68038022646E200032924C /* Frameworks */ = {
			isa = PBXFrameworksBuildPhase;
			buildActionMask = 2147483647;
			files = (
				83AA03F9264E7B0200DA1434 /* ARKit.framework in Frameworks */,
				6542D6042615B9DF00806E2A /* AVFoundation.framework in Frameworks */,
				EB07622A4C08F6D73101772F /* Pods_VAMPObjCSample.framework in Frameworks */,
			);
			runOnlyForDeploymentPostprocessing = 0;
		};
/* End PBXFrameworksBuildPhase section */

/* Begin PBXGroup section */
		5E68037A22646E200032924C = {
			isa = PBXGroup;
			children = (
				5E68038522646E200032924C /* VAMPObjCSample */,
				5E68038422646E200032924C /* Products */,
				6542D6022615B9DF00806E2A /* Frameworks */,
				8CB650EED9E6C6490DC3D70D /* Pods */,
			);
			sourceTree = "<group>";
		};
		5E68038422646E200032924C /* Products */ = {
			isa = PBXGroup;
			children = (
				5E68038322646E200032924C /* VAMPObjCSample.app */,
			);
			name = Products;
			sourceTree = "<group>";
		};
		5E68038522646E200032924C /* VAMPObjCSample */ = {
			isa = PBXGroup;
			children = (
				5E68039C226471800032924C /* Ad1ViewController.h */,
				5E68039D226471800032924C /* Ad1ViewController.m */,
				5E68039F226471880032924C /* Ad2ViewController.h */,
				5E6803A0226471880032924C /* Ad2ViewController.m */,
				83AA03D9264E6F8300DA1434 /* ARViewController.h */,
				83AA03DA264E6F8300DA1434 /* ARViewController.m */,
				5E68038622646E200032924C /* AppDelegate.h */,
				5E68038722646E200032924C /* AppDelegate.m */,
				5E68038F22646E210032924C /* Assets.xcassets */,
				5E68039422646E210032924C /* Info.plist */,
				5E68039122646E210032924C /* LaunchScreen.storyboard */,
				5E68039522646E210032924C /* main.m */,
				5E68038C22646E200032924C /* Main.storyboard */,
				5E6803D222647FA60032924C /* Resources */,
				5E6803A2226474AB0032924C /* SDK */,
				5E68038922646E200032924C /* ViewController.h */,
				5E68038A22646E200032924C /* ViewController.m */,
			);
			path = VAMPObjCSample;
			sourceTree = "<group>";
		};
		5E6803A2226474AB0032924C /* SDK */ = {
			isa = PBXGroup;
			children = (
			);
			path = SDK;
			sourceTree = "<group>";
		};
		5E6803D222647FA60032924C /* Resources */ = {
			isa = PBXGroup;
			children = (
				5E6803D322647FB60032924C /* invisible.mp3 */,
				5E6803D82264802D0032924C /* soundoff@2x.png */,
				5E6803D72264802D0032924C /* soundoff@3x.png */,
				5E6803D62264802D0032924C /* soundon@2x.png */,
				5E6803D52264802D0032924C /* soundon@3x.png */,
			);
			path = Resources;
			sourceTree = "<group>";
		};
		6542D6022615B9DF00806E2A /* Frameworks */ = {
			isa = PBXGroup;
			children = (
				83AA03F8264E7B0200DA1434 /* ARKit.framework */,
				6542D6032615B9DF00806E2A /* AVFoundation.framework */,
				9793421BBC0FD2FB8C994A10 /* Pods_VAMPObjCSample.framework */,
			);
			name = Frameworks;
			sourceTree = "<group>";
		};
		8CB650EED9E6C6490DC3D70D /* Pods */ = {
			isa = PBXGroup;
			children = (
				5892859AFA7E925FEB06962B /* Pods-VAMPObjCSample.debug.xcconfig */,
				9AE0279B05712BE06D8F5738 /* Pods-VAMPObjCSample.release.xcconfig */,
			);
			path = Pods;
			sourceTree = "<group>";
		};
/* End PBXGroup section */

/* Begin PBXNativeTarget section */
		5E68038222646E200032924C /* VAMPObjCSample */ = {
			isa = PBXNativeTarget;
			buildConfigurationList = 5E68039922646E210032924C /* Build configuration list for PBXNativeTarget "VAMPObjCSample" */;
			buildPhases = (
				7CB343024AD5E92214BD05B3 /* [CP] Check Pods Manifest.lock */,
				5E68037F22646E200032924C /* Sources */,
				5E68038022646E200032924C /* Frameworks */,
				5E68038122646E200032924C /* Resources */,
				5E6803D12264793D0032924C /* Embed Frameworks */,
				E709ECBDFDA4865F9477B9A9 /* [CP] Embed Pods Frameworks */,
				0A7858336EADC9D395008B51 /* [CP] Copy Pods Resources */,
			);
			buildRules = (
			);
			dependencies = (
			);
			name = VAMPObjCSample;
			productName = VAMPObjCSample;
			productReference = 5E68038322646E200032924C /* VAMPObjCSample.app */;
			productType = "com.apple.product-type.application";
		};
/* End PBXNativeTarget section */

/* Begin PBXProject section */
		5E68037B22646E200032924C /* Project object */ = {
			isa = PBXProject;
			attributes = {
				LastUpgradeCheck = 1010;
				ORGANIZATIONNAME = "Supership Inc";
				TargetAttributes = {
					5E68038222646E200032924C = {
						CreatedOnToolsVersion = 10.1;
					};
				};
			};
			buildConfigurationList = 5E68037E22646E200032924C /* Build configuration list for PBXProject "VAMPObjCSample" */;
			compatibilityVersion = "Xcode 9.3";
			developmentRegion = en;
			hasScannedForEncodings = 0;
			knownRegions = (
				en,
				Base,
			);
			mainGroup = 5E68037A22646E200032924C;
			productRefGroup = 5E68038422646E200032924C /* Products */;
			projectDirPath = "";
			projectRoot = "";
			targets = (
				5E68038222646E200032924C /* VAMPObjCSample */,
			);
		};
/* End PBXProject section */

/* Begin PBXResourcesBuildPhase section */
		5E68038122646E200032924C /* Resources */ = {
			isa = PBXResourcesBuildPhase;
			buildActionMask = 2147483647;
			files = (
				5E68039322646E210032924C /* LaunchScreen.storyboard in Resources */,
				5E6803D92264802D0032924C /* soundon@3x.png in Resources */,
				5E6803DB2264802D0032924C /* soundoff@3x.png in Resources */,
				5E6803D422647FB60032924C /* invisible.mp3 in Resources */,
				5E68039022646E210032924C /* Assets.xcassets in Resources */,
				5E68038E22646E200032924C /* Main.storyboard in Resources */,
				5E6803DC2264802D0032924C /* soundoff@2x.png in Resources */,
				5E6803DA2264802D0032924C /* soundon@2x.png in Resources */,
			);
			runOnlyForDeploymentPostprocessing = 0;
		};
/* End PBXResourcesBuildPhase section */

/* Begin PBXShellScriptBuildPhase section */
		0A7858336EADC9D395008B51 /* [CP] Copy Pods Resources */ = {
			isa = PBXShellScriptBuildPhase;
			buildActionMask = 2147483647;
			files = (
			);
			inputFileListPaths = (
				"${PODS_ROOT}/Target Support Files/Pods-VAMPObjCSample/Pods-VAMPObjCSample-resources-${CONFIGURATION}-input-files.xcfilelist",
			);
			name = "[CP] Copy Pods Resources";
			outputFileListPaths = (
				"${PODS_ROOT}/Target Support Files/Pods-VAMPObjCSample/Pods-VAMPObjCSample-resources-${CONFIGURATION}-output-files.xcfilelist",
			);
			runOnlyForDeploymentPostprocessing = 0;
			shellPath = /bin/sh;
			shellScript = "\"${PODS_ROOT}/Target Support Files/Pods-VAMPObjCSample/Pods-VAMPObjCSample-resources.sh\"\n";
			showEnvVarsInLog = 0;
		};
		7CB343024AD5E92214BD05B3 /* [CP] Check Pods Manifest.lock */ = {
			isa = PBXShellScriptBuildPhase;
			buildActionMask = 2147483647;
			files = (
			);
			inputFileListPaths = (
			);
			inputPaths = (
				"${PODS_PODFILE_DIR_PATH}/Podfile.lock",
				"${PODS_ROOT}/Manifest.lock",
			);
			name = "[CP] Check Pods Manifest.lock";
			outputFileListPaths = (
			);
			outputPaths = (
				"$(DERIVED_FILE_DIR)/Pods-VAMPObjCSample-checkManifestLockResult.txt",
			);
			runOnlyForDeploymentPostprocessing = 0;
			shellPath = /bin/sh;
			shellScript = "diff \"${PODS_PODFILE_DIR_PATH}/Podfile.lock\" \"${PODS_ROOT}/Manifest.lock\" > /dev/null\nif [ $? != 0 ] ; then\n    # print error to STDERR\n    echo \"error: The sandbox is not in sync with the Podfile.lock. Run 'pod install' or update your CocoaPods installation.\" >&2\n    exit 1\nfi\n# This output is used by Xcode 'outputs' to avoid re-running this script phase.\necho \"SUCCESS\" > \"${SCRIPT_OUTPUT_FILE_0}\"\n";
			showEnvVarsInLog = 0;
		};
		E709ECBDFDA4865F9477B9A9 /* [CP] Embed Pods Frameworks */ = {
			isa = PBXShellScriptBuildPhase;
			buildActionMask = 2147483647;
			files = (
			);
			inputFileListPaths = (
				"${PODS_ROOT}/Target Support Files/Pods-VAMPObjCSample/Pods-VAMPObjCSample-frameworks-${CONFIGURATION}-input-files.xcfilelist",
			);
			name = "[CP] Embed Pods Frameworks";
			outputFileListPaths = (
				"${PODS_ROOT}/Target Support Files/Pods-VAMPObjCSample/Pods-VAMPObjCSample-frameworks-${CONFIGURATION}-output-files.xcfilelist",
			);
			runOnlyForDeploymentPostprocessing = 0;
			shellPath = /bin/sh;
			shellScript = "\"${PODS_ROOT}/Target Support Files/Pods-VAMPObjCSample/Pods-VAMPObjCSample-frameworks.sh\"\n";
			showEnvVarsInLog = 0;
		};
/* End PBXShellScriptBuildPhase section */

/* Begin PBXSourcesBuildPhase section */
		5E68037F22646E200032924C /* Sources */ = {
			isa = PBXSourcesBuildPhase;
			buildActionMask = 2147483647;
			files = (
				5E68038B22646E200032924C /* ViewController.m in Sources */,
				83AA03DB264E6F8300DA1434 /* ARViewController.m in Sources */,
				5E6803A1226471880032924C /* Ad2ViewController.m in Sources */,
				5E68039622646E210032924C /* main.m in Sources */,
				5E68038822646E200032924C /* AppDelegate.m in Sources */,
				5E68039E226471800032924C /* Ad1ViewController.m in Sources */,
			);
			runOnlyForDeploymentPostprocessing = 0;
		};
/* End PBXSourcesBuildPhase section */

/* Begin PBXVariantGroup section */
		5E68038C22646E200032924C /* Main.storyboard */ = {
			isa = PBXVariantGroup;
			children = (
				5E68038D22646E200032924C /* Base */,
			);
			name = Main.storyboard;
			sourceTree = "<group>";
		};
		5E68039122646E210032924C /* LaunchScreen.storyboard */ = {
			isa = PBXVariantGroup;
			children = (
				5E68039222646E210032924C /* Base */,
			);
			name = LaunchScreen.storyboard;
			sourceTree = "<group>";
		};
/* End PBXVariantGroup section */

/* Begin XCBuildConfiguration section */
		5E68039722646E210032924C /* Debug */ = {
			isa = XCBuildConfiguration;
			buildSettings = {
				ALWAYS_SEARCH_USER_PATHS = NO;
				CLANG_ANALYZER_NONNULL = YES;
				CLANG_ANALYZER_NUMBER_OBJECT_CONVERSION = YES_AGGRESSIVE;
				CLANG_CXX_LANGUAGE_STANDARD = "gnu++14";
				CLANG_CXX_LIBRARY = "libc++";
				CLANG_ENABLE_MODULES = YES;
				CLANG_ENABLE_OBJC_ARC = YES;
				CLANG_ENABLE_OBJC_WEAK = YES;
				CLANG_WARN_BLOCK_CAPTURE_AUTORELEASING = YES;
				CLANG_WARN_BOOL_CONVERSION = YES;
				CLANG_WARN_COMMA = YES;
				CLANG_WARN_CONSTANT_CONVERSION = YES;
				CLANG_WARN_DEPRECATED_OBJC_IMPLEMENTATIONS = YES;
				CLANG_WARN_DIRECT_OBJC_ISA_USAGE = YES_ERROR;
				CLANG_WARN_DOCUMENTATION_COMMENTS = YES;
				CLANG_WARN_EMPTY_BODY = YES;
				CLANG_WARN_ENUM_CONVERSION = YES;
				CLANG_WARN_INFINITE_RECURSION = YES;
				CLANG_WARN_INT_CONVERSION = YES;
				CLANG_WARN_NON_LITERAL_NULL_CONVERSION = YES;
				CLANG_WARN_OBJC_IMPLICIT_RETAIN_SELF = YES;
				CLANG_WARN_OBJC_LITERAL_CONVERSION = YES;
				CLANG_WARN_OBJC_ROOT_CLASS = YES_ERROR;
				CLANG_WARN_RANGE_LOOP_ANALYSIS = YES;
				CLANG_WARN_STRICT_PROTOTYPES = YES;
				CLANG_WARN_SUSPICIOUS_MOVE = YES;
				CLANG_WARN_UNGUARDED_AVAILABILITY = YES_AGGRESSIVE;
				CLANG_WARN_UNREACHABLE_CODE = YES;
				CLANG_WARN__DUPLICATE_METHOD_MATCH = YES;
				CODE_SIGN_IDENTITY = "iPhone Developer";
				COPY_PHASE_STRIP = NO;
				DEBUG_INFORMATION_FORMAT = dwarf;
				ENABLE_STRICT_OBJC_MSGSEND = YES;
				ENABLE_TESTABILITY = YES;
				GCC_C_LANGUAGE_STANDARD = gnu11;
				GCC_DYNAMIC_NO_PIC = NO;
				GCC_NO_COMMON_BLOCKS = YES;
				GCC_OPTIMIZATION_LEVEL = 0;
				GCC_PREPROCESSOR_DEFINITIONS = (
					"DEBUG=1",
					"$(inherited)",
				);
				GCC_WARN_64_TO_32_BIT_CONVERSION = YES;
				GCC_WARN_ABOUT_RETURN_TYPE = YES_ERROR;
				GCC_WARN_UNDECLARED_SELECTOR = YES;
				GCC_WARN_UNINITIALIZED_AUTOS = YES_AGGRESSIVE;
				GCC_WARN_UNUSED_FUNCTION = YES;
				GCC_WARN_UNUSED_VARIABLE = YES;
				IPHONEOS_DEPLOYMENT_TARGET = 9.3;
				MTL_ENABLE_DEBUG_INFO = INCLUDE_SOURCE;
				MTL_FAST_MATH = YES;
				ONLY_ACTIVE_ARCH = YES;
				OTHER_LDFLAGS = "";
				SDKROOT = iphoneos;
			};
			name = Debug;
		};
		5E68039822646E210032924C /* Release */ = {
			isa = XCBuildConfiguration;
			buildSettings = {
				ALWAYS_SEARCH_USER_PATHS = NO;
				CLANG_ANALYZER_NONNULL = YES;
				CLANG_ANALYZER_NUMBER_OBJECT_CONVERSION = YES_AGGRESSIVE;
				CLANG_CXX_LANGUAGE_STANDARD = "gnu++14";
				CLANG_CXX_LIBRARY = "libc++";
				CLANG_ENABLE_MODULES = YES;
				CLANG_ENABLE_OBJC_ARC = YES;
				CLANG_ENABLE_OBJC_WEAK = YES;
				CLANG_WARN_BLOCK_CAPTURE_AUTORELEASING = YES;
				CLANG_WARN_BOOL_CONVERSION = YES;
				CLANG_WARN_COMMA = YES;
				CLANG_WARN_CONSTANT_CONVERSION = YES;
				CLANG_WARN_DEPRECATED_OBJC_IMPLEMENTATIONS = YES;
				CLANG_WARN_DIRECT_OBJC_ISA_USAGE = YES_ERROR;
				CLANG_WARN_DOCUMENTATION_COMMENTS = YES;
				CLANG_WARN_EMPTY_BODY = YES;
				CLANG_WARN_ENUM_CONVERSION = YES;
				CLANG_WARN_INFINITE_RECURSION = YES;
				CLANG_WARN_INT_CONVERSION = YES;
				CLANG_WARN_NON_LITERAL_NULL_CONVERSION = YES;
				CLANG_WARN_OBJC_IMPLICIT_RETAIN_SELF = YES;
				CLANG_WARN_OBJC_LITERAL_CONVERSION = YES;
				CLANG_WARN_OBJC_ROOT_CLASS = YES_ERROR;
				CLANG_WARN_RANGE_LOOP_ANALYSIS = YES;
				CLANG_WARN_STRICT_PROTOTYPES = YES;
				CLANG_WARN_SUSPICIOUS_MOVE = YES;
				CLANG_WARN_UNGUARDED_AVAILABILITY = YES_AGGRESSIVE;
				CLANG_WARN_UNREACHABLE_CODE = YES;
				CLANG_WARN__DUPLICATE_METHOD_MATCH = YES;
				CODE_SIGN_IDENTITY = "iPhone Developer";
				COPY_PHASE_STRIP = NO;
				DEBUG_INFORMATION_FORMAT = "dwarf-with-dsym";
				ENABLE_NS_ASSERTIONS = NO;
				ENABLE_STRICT_OBJC_MSGSEND = YES;
				GCC_C_LANGUAGE_STANDARD = gnu11;
				GCC_NO_COMMON_BLOCKS = YES;
				GCC_WARN_64_TO_32_BIT_CONVERSION = YES;
				GCC_WARN_ABOUT_RETURN_TYPE = YES_ERROR;
				GCC_WARN_UNDECLARED_SELECTOR = YES;
				GCC_WARN_UNINITIALIZED_AUTOS = YES_AGGRESSIVE;
				GCC_WARN_UNUSED_FUNCTION = YES;
				GCC_WARN_UNUSED_VARIABLE = YES;
				IPHONEOS_DEPLOYMENT_TARGET = 9.3;
				MTL_ENABLE_DEBUG_INFO = NO;
				MTL_FAST_MATH = YES;
				OTHER_LDFLAGS = "";
				SDKROOT = iphoneos;
				VALIDATE_PRODUCT = YES;
			};
			name = Release;
		};
		5E68039A22646E210032924C /* Debug */ = {
			isa = XCBuildConfiguration;
			baseConfigurationReference = 5892859AFA7E925FEB06962B /* Pods-VAMPObjCSample.debug.xcconfig */;
			buildSettings = {
				ASSETCATALOG_COMPILER_APPICON_NAME = AppIcon;
				CODE_SIGN_STYLE = Automatic;
				DEVELOPMENT_TEAM = "";
				ENABLE_BITCODE = NO;
				FRAMEWORK_SEARCH_PATHS = "$(inherited)";
				INFOPLIST_FILE = VAMPObjCSample/Info.plist;
				LD_RUNPATH_SEARCH_PATHS = (
					"$(inherited)",
					"@executable_path/Frameworks",
				);
				OTHER_LDFLAGS = (
					"-ObjC",
					"$(inherited)",
				);
				PRODUCT_BUNDLE_IDENTIFIER = jp.supership.VAMPObjCSample;
				PRODUCT_NAME = "$(TARGET_NAME)";
				TARGETED_DEVICE_FAMILY = "1,2";
			};
			name = Debug;
		};
		5E68039B22646E210032924C /* Release */ = {
			isa = XCBuildConfiguration;
			baseConfigurationReference = 9AE0279B05712BE06D8F5738 /* Pods-VAMPObjCSample.release.xcconfig */;
			buildSettings = {
				ASSETCATALOG_COMPILER_APPICON_NAME = AppIcon;
				CODE_SIGN_STYLE = Automatic;
				DEVELOPMENT_TEAM = "";
				ENABLE_BITCODE = NO;
				FRAMEWORK_SEARCH_PATHS = "$(inherited)";
				INFOPLIST_FILE = VAMPObjCSample/Info.plist;
				LD_RUNPATH_SEARCH_PATHS = (
					"$(inherited)",
					"@executable_path/Frameworks",
				);
				OTHER_LDFLAGS = (
					"-ObjC",
					"$(inherited)",
				);
				PRODUCT_BUNDLE_IDENTIFIER = jp.supership.VAMPObjCSample;
				PRODUCT_NAME = "$(TARGET_NAME)";
				TARGETED_DEVICE_FAMILY = "1,2";
			};
			name = Release;
		};
/* End XCBuildConfiguration section */

/* Begin XCConfigurationList section */
		5E68037E22646E200032924C /* Build configuration list for PBXProject "VAMPObjCSample" */ = {
			isa = XCConfigurationList;
			buildConfigurations = (
				5E68039722646E210032924C /* Debug */,
				5E68039822646E210032924C /* Release */,
			);
			defaultConfigurationIsVisible = 0;
			defaultConfigurationName = Release;
		};
		5E68039922646E210032924C /* Build configuration list for PBXNativeTarget "VAMPObjCSample" */ = {
			isa = XCConfigurationList;
			buildConfigurations = (
				5E68039A22646E210032924C /* Debug */,
				5E68039B22646E210032924C /* Release */,
			);
			defaultConfigurationIsVisible = 0;
			defaultConfigurationName = Release;
		};
/* End XCConfigurationList section */
	};
	rootObject = 5E68037B22646E200032924C /* Project object */;
}
